
Microsoft Visual Studio Solution File, Format Version 12.00
# Visual Studio 2013
VisualStudioVersion = 12.0.40629.0
MinimumVisualStudioVersion = 10.0.40219.1
Project("{8BC9CEB8-8B4A-11D0-8D11-00A0C91BC942}") = "system_color_viewer", "system_color_viewer\system_color_viewer.vcxproj", "{CB14F74A-60A6-4E55-AAE7-2DC5C20C3FA4}"
EndProject
Project("{8BC9CEB8-8B4A-11D0-8D11-00A0C91BC942}") = "calculator", "calculator\calculator.vcxproj", "{0478A57E-F5D9-479E-BD2E-825AC4C3D0F2}"
EndProject
Global
	GlobalSection(SolutionConfigurationPlatforms) = preSolution
		Debug|Win32 = Debug|Win32
		Release|Win32 = Release|Win32
	EndGlobalSection
	GlobalSection(ProjectConfigurationPlatforms) = postSolution
		{CB14F74A-60A6-4E55-AAE7-2DC5C20C3FA4}.Debug|Win32.ActiveCfg = Debug|Win32
		{CB14F74A-60A6-4E55-AAE7-2DC5C20C3FA4}.Debug|Win32.Build.0 = Debug|Win32
		{CB14F74A-60A6-4E55-AAE7-2DC5C20C3FA4}.Release|Win32.ActiveCfg = Release|Win32
		{CB14F74A-60A6-4E55-AAE7-2DC5C20C3FA4}.Release|Win32.Build.0 = Release|Win32
		{0478A57E-F5D9-479E-BD2E-825AC4C3D0F2}.Debug|Win32.ActiveCfg = Debug|Win32
		{0478A57E-F5D9-479E-BD2E-825AC4C3D0F2}.Debug|Win32.Build.0 = Debug|Win32
		{0478A57E-F5D9-479E-BD2E-825AC4C3D0F2}.Release|Win32.ActiveCfg = Release|Win32
		{0478A57E-F5D9-479E-BD2E-825AC4C3D0F2}.Release|Win32.Build.0 = Release|Win32
	EndGlobalSection
	GlobalSection(SolutionProperties) = preSolution
		HideSolutionNode = FALSE
	EndGlobalSection
EndGlobal
