<?xml version="1.0" encoding="utf-8"?>
<Project ToolsVersion="4.0" xmlns="http://schemas.microsoft.com/developer/msbuild/2003">
  <ItemGroup>
    <Filter Include="case">
      <UniqueIdentifier>{7773130d-98f8-4905-a202-7c2344926cb0}</UniqueIdentifier>
    </Filter>
    <Filter Include="googletest">
      <UniqueIdentifier>{d7a1137c-6434-4927-a879-3ee5268ab00c}</UniqueIdentifier>
    </Filter>
    <Filter Include="case\base">
      <UniqueIdentifier>{93cebbc3-b53c-4660-b284-d7fbf96d9adf}</UniqueIdentifier>
    </Filter>
    <Filter Include="case\base\string">
      <UniqueIdentifier>{c16c6071-c923-42d3-b737-0f7b70cf37cf}</UniqueIdentifier>
    </Filter>
    <Filter Include="case\control">
      <UniqueIdentifier>{cc259569-d659-4f6c-8e43-1d8c4682c330}</UniqueIdentifier>
    </Filter>
    <Filter Include="case\control\internal">
      <UniqueIdentifier>{28eb627f-da72-48ec-8bc4-d36327aebce2}</UniqueIdentifier>
    </Filter>
    <Filter Include="case\control\layout">
      <UniqueIdentifier>{7adcacad-53a4-422d-91ce-e2a7fb547e54}</UniqueIdentifier>
    </Filter>
    <Filter Include="case\control\layout\internal">
      <UniqueIdentifier>{f0ac9c8e-368d-4d58-842d-fbef6013bd7e}</UniqueIdentifier>
    </Filter>
    <Filter Include="case\graphic">
      <UniqueIdentifier>{4c5d966d-80a1-4a69-9445-ec0aa53d5e72}</UniqueIdentifier>
    </Filter>
    <Filter Include="case\serialization">
      <UniqueIdentifier>{fe49d2e4-748d-4b2f-9224-e286a29fff05}</UniqueIdentifier>
    </Filter>
    <Filter Include="case\serialization\json">
      <UniqueIdentifier>{f99c48b0-646e-4785-8d09-2163d15ba95c}</UniqueIdentifier>
    </Filter>
    <Filter Include="case\serialization\xml">
      <UniqueIdentifier>{554679c6-4e81-4516-bf0b-ff7ce8227314}</UniqueIdentifier>
    </Filter>
    <Filter Include="case\graphic\font">
      <UniqueIdentifier>{6bca3a9f-7526-466d-880a-9191bd1beacf}</UniqueIdentifier>
    </Filter>
    <Filter Include="case\graphic\text">
      <UniqueIdentifier>{a90db673-1d1d-4843-a194-e886210cf412}</UniqueIdentifier>
    </Filter>
    <Filter Include="case\base\container">
      <UniqueIdentifier>{b4d90f0a-dc00-4a88-93ee-9c9d6635c859}</UniqueIdentifier>
    </Filter>
    <Filter Include="case\base\container\utility">
      <UniqueIdentifier>{799d9b1c-7f47-4a98-99b1-d36fe45fc66a}</UniqueIdentifier>
    </Filter>
  </ItemGroup>
  <ItemGroup>
    <ClCompile Include="unittest\main.cpp" />
    <ClCompile Include="unittest\googletest\src\gtest-all.cc">
      <Filter>googletest</Filter>
    </ClCompile>
    <ClCompile Include="unittest\case\base\string\to_string_test.cpp">
      <Filter>case\base\string</Filter>
    </ClCompile>
    <ClCompile Include="unittest\case\base\string\to_numeric_test.cpp">
      <Filter>case\base\string</Filter>
    </ClCompile>
    <ClCompile Include="unittest\case\control\internal\list_control_item_selection_manager_test.cpp">
      <Filter>case\control\internal</Filter>
    </ClCompile>
    <ClCompile Include="unittest\case\control\internal\list_control_item_height_manager_test.cpp">
      <Filter>case\control\internal</Filter>
    </ClCompile>
    <ClCompile Include="unittest\case\control\layout\internal\array_layout_length_calculating_test.cpp">
      <Filter>case\control\layout\internal</Filter>
    </ClCompile>
    <ClCompile Include="unittest\case\control\internal\range_manager_test.cpp">
      <Filter>case\control\internal</Filter>
    </ClCompile>
    <ClCompile Include="unittest\case\graphic\rect_test.cpp">
      <Filter>case\graphic</Filter>
    </ClCompile>
    <ClCompile Include="unittest\case\base\optional_test.cpp">
      <Filter>case\base</Filter>
    </ClCompile>
    <ClCompile Include="unittest\case\base\any_test.cpp">
      <Filter>case\base</Filter>
    </ClCompile>
    <ClCompile Include="unittest\case\serialization\serialization_manager_test.cpp">
      <Filter>case\serialization</Filter>
    </ClCompile>
    <ClCompile Include="unittest\case\serialization\json\json_reader_test.cpp">
      <Filter>case\serialization\json</Filter>
    </ClCompile>
    <ClCompile Include="unittest\case\serialization\json\json_writer_test.cpp">
      <Filter>case\serialization\json</Filter>
    </ClCompile>
    <ClCompile Include="unittest\case\serialization\xml\xml_reader_test.cpp">
      <Filter>case\serialization\xml</Filter>
    </ClCompile>
    <ClCompile Include="unittest\case\serialization\xml\xml_writer_test.cpp">
      <Filter>case\serialization\xml</Filter>
    </ClCompile>
    <ClCompile Include="unittest\case\base\number_test.cpp">
      <Filter>case\base</Filter>
    </ClCompile>
    <ClCompile Include="unittest\case\graphic\frame_test.cpp">
      <Filter>case\graphic</Filter>
    </ClCompile>
    <ClCompile Include="unittest\case\graphic\point_test.cpp">
      <Filter>case\graphic</Filter>
    </ClCompile>
    <ClCompile Include="unittest\case\graphic\size_test.cpp">
      <Filter>case\graphic</Filter>
    </ClCompile>
    <ClCompile Include="unittest\case\graphic\color_test.cpp">
      <Filter>case\graphic</Filter>
    </ClCompile>
    <ClCompile Include="unittest\case\graphic\ellipse_test.cpp">
      <Filter>case\graphic</Filter>
    </ClCompile>
    <ClCompile Include="unittest\case\graphic\rounded_rect_test.cpp">
      <Filter>case\graphic</Filter>
    </ClCompile>
    <ClCompile Include="unittest\case\control\control_deserialize_test.cpp">
      <Filter>case\control</Filter>
    </ClCompile>
    <ClCompile Include="unittest\case\control\textual_control_deserialize_test.cpp">
      <Filter>case\control</Filter>
    </ClCompile>
    <ClCompile Include="unittest\case\control\combo_box_deserialize_test.cpp">
      <Filter>case\control</Filter>
    </ClCompile>
    <ClCompile Include="unittest\case\serialization\serializable_object_test.cpp">
      <Filter>case\serialization</Filter>
    </ClCompile>
    <ClCompile Include="unittest\case\base\string\case_conversion_test.cpp">
      <Filter>case\base\string</Filter>
    </ClCompile>
    <ClCompile Include="unittest\case\base\container\utility\contain_test.cpp">
      <Filter>case\base\container\utility</Filter>
    </ClCompile>
    <ClCompile Include="unittest\case\base\container\utility\erase_test.cpp">
      <Filter>case\base\container\utility</Filter>
    </ClCompile>
    <ClCompile Include="unittest\case\base\container\utility\find_test.cpp">
      <Filter>case\base\container\utility</Filter>
    </ClCompile>
    <ClCompile Include="unittest\case\base\container\utility\sort_test.cpp">
      <Filter>case\base\container\utility</Filter>
    </ClCompile>
    <ClCompile Include="unittest\case\base\container\utility\unique_test.cpp">
      <Filter>case\base\container\utility</Filter>
    </ClCompile>
    <ClCompile Include="unittest\case\base\container\utility\classify_test.cpp">
      <Filter>case\base\container\utility</Filter>
    </ClCompile>
    <ClCompile Include="unittest\case\base\container\utility\map_test.cpp">
      <Filter>case\base\container\utility</Filter>
    </ClCompile>
    <ClCompile Include="unittest\case\base\container\utility\conversion_test.cpp">
      <Filter>case\base\container\utility</Filter>
    </ClCompile>
    <ClCompile Include="unittest\case\control\check_box_deserialize_test.cpp">
      <Filter>case\control</Filter>
    </ClCompile>
    <ClCompile Include="unittest\case\control\list_box_deserialize_test.cpp">
      <Filter>case\control</Filter>
    </ClCompile>
    <ClCompile Include="unittest\case\control\list_control_deserialize_test.cpp">
      <Filter>case\control</Filter>
    </ClCompile>
    <ClCompile Include="unittest\case\control\radio_button_descrialize_test.cpp">
      <Filter>case\control</Filter>
    </ClCompile>
    <ClCompile Include="unittest\case\graphic\font\font_test.cpp">
      <Filter>case\graphic\font</Filter>
    </ClCompile>
    <ClCompile Include="unittest\case\graphic\text\text_trimming_test.cpp">
      <Filter>case\graphic\text</Filter>
    </ClCompile>
    <ClCompile Include="unittest\case\serialization\deserializer_test.cpp">
      <Filter>case\serialization</Filter>
    </ClCompile>
    <ClCompile Include="unittest\case\base\container\utility\append_test.cpp">
      <Filter>case\base\container\utility</Filter>
    </ClCompile>
    <ClCompile Include="unittest\case\control\scroll_bar_deserialize_test.cpp">
      <Filter>case\control</Filter>
    </ClCompile>
    <ClCompile Include="unittest\case\control\split_control_deserialize_test.cpp">
      <Filter>case\control</Filter>
    </ClCompile>
    <ClCompile Include="unittest\case\control\text_box_deserialize_test.cpp">
      <Filter>case\control</Filter>
    </ClCompile>
  </ItemGroup>
  <ItemGroup>
    <ClInclude Include="unittest\case\base\test_object.h">
      <Filter>case\base</Filter>
    </ClInclude>
  </ItemGroup>
</Project>