<?xml version="1.0" encoding="utf-8"?>
<Project ToolsVersion="4.0" xmlns="http://schemas.microsoft.com/developer/msbuild/2003">
  <ItemGroup>
    <Filter Include="case">
      <UniqueIdentifier>{7773130d-98f8-4905-a202-7c2344926cb0}</UniqueIdentifier>
    </Filter>
    <Filter Include="case\base">
      <UniqueIdentifier>{93cebbc3-b53c-4660-b284-d7fbf96d9adf}</UniqueIdentifier>
    </Filter>
    <Filter Include="case\base\string">
      <UniqueIdentifier>{c16c6071-c923-42d3-b737-0f7b70cf37cf}</UniqueIdentifier>
    </Filter>
    <Filter Include="case\control">
      <UniqueIdentifier>{cc259569-d659-4f6c-8e43-1d8c4682c330}</UniqueIdentifier>
    </Filter>
    <Filter Include="case\control\internal">
      <UniqueIdentifier>{28eb627f-da72-48ec-8bc4-d36327aebce2}</UniqueIdentifier>
    </Filter>
    <Filter Include="case\control\layout">
      <UniqueIdentifier>{7adcacad-53a4-422d-91ce-e2a7fb547e54}</UniqueIdentifier>
    </Filter>
    <Filter Include="case\control\layout\internal">
      <UniqueIdentifier>{f0ac9c8e-368d-4d58-842d-fbef6013bd7e}</UniqueIdentifier>
    </Filter>
    <Filter Include="case\graphic">
      <UniqueIdentifier>{4c5d966d-80a1-4a69-9445-ec0aa53d5e72}</UniqueIdentifier>
    </Filter>
    <Filter Include="case\base\container">
      <UniqueIdentifier>{b4d90f0a-dc00-4a88-93ee-9c9d6635c859}</UniqueIdentifier>
    </Filter>
    <Filter Include="case\base\container\utility">
      <UniqueIdentifier>{799d9b1c-7f47-4a98-99b1-d36fe45fc66a}</UniqueIdentifier>
    </Filter>
    <Filter Include="case\parsing">
      <UniqueIdentifier>{64471ea1-be41-4d6d-a264-a8c71cc4645c}</UniqueIdentifier>
    </Filter>
    <Filter Include="case\parsing\parsers">
      <UniqueIdentifier>{47594bc7-c6d1-4878-bad4-9b8c8c430d6a}</UniqueIdentifier>
    </Filter>
    <Filter Include="case\control\internal\image_box">
      <UniqueIdentifier>{faff36e5-40d5-47fc-b846-5e31fee64ef8}</UniqueIdentifier>
    </Filter>
    <Filter Include="case\resource">
      <UniqueIdentifier>{94a24272-e825-49bd-afed-5f590043824b}</UniqueIdentifier>
    </Filter>
    <Filter Include="case\resource\internal">
      <UniqueIdentifier>{f27731de-7f0b-4fa6-acb7-91f8ece19bef}</UniqueIdentifier>
    </Filter>
    <Filter Include="case\control\internal\tree_control">
      <UniqueIdentifier>{7a7cf031-e029-4e97-b0ec-b37969950f34}</UniqueIdentifier>
    </Filter>
    <Filter Include="case\object">
      <UniqueIdentifier>{e27ffe32-9b94-4112-99c4-4433a094ccfd}</UniqueIdentifier>
    </Filter>
    <Filter Include="case\control\internal\list_control">
      <UniqueIdentifier>{4f47d1ac-5e7c-4c72-9450-0cd297522179}</UniqueIdentifier>
    </Filter>
    <Filter Include="case\rx">
      <UniqueIdentifier>{c51fbcf6-ce47-450d-b621-e27038c0a645}</UniqueIdentifier>
    </Filter>
    <Filter Include="case\window">
      <UniqueIdentifier>{9c378360-802c-4646-a24f-a587b9a92e41}</UniqueIdentifier>
    </Filter>
    <Filter Include="case\object\boxing">
      <UniqueIdentifier>{41b90e79-575a-4f83-85c4-7ca5c0e2f5fd}</UniqueIdentifier>
    </Filter>
    <Filter Include="case\object\parsing">
      <UniqueIdentifier>{1dec8fdf-0093-4e1c-8aac-6763cf9cc27a}</UniqueIdentifier>
    </Filter>
    <Filter Include="case\graphic\font">
      <UniqueIdentifier>{fb8bed71-7a2d-4102-b70d-58f6b2fad825}</UniqueIdentifier>
    </Filter>
    <Filter Include="utility">
      <UniqueIdentifier>{f9b12e41-c943-4c77-9372-84ff0bf4bf0b}</UniqueIdentifier>
    </Filter>
    <Filter Include="case\base\registry">
      <UniqueIdentifier>{4881bfee-e85d-406f-8253-0cc407f40937}</UniqueIdentifier>
    </Filter>
    <Filter Include="case\base\event">
      <UniqueIdentifier>{2fe45b27-03ba-4754-8874-4abfe4107a6f}</UniqueIdentifier>
    </Filter>
  </ItemGroup>
  <ItemGroup>
    <ClCompile Include="unittest\main.cpp" />
    <ClCompile Include="unittest\case\base\string\to_string_test.cpp">
      <Filter>case\base\string</Filter>
    </ClCompile>
    <ClCompile Include="unittest\case\base\string\to_numeric_test.cpp">
      <Filter>case\base\string</Filter>
    </ClCompile>
    <ClCompile Include="unittest\case\graphic\rect_test.cpp">
      <Filter>case\graphic</Filter>
    </ClCompile>
    <ClCompile Include="unittest\case\base\number_test.cpp">
      <Filter>case\base</Filter>
    </ClCompile>
    <ClCompile Include="unittest\case\base\string\case_conversion_test.cpp">
      <Filter>case\base\string</Filter>
    </ClCompile>
    <ClCompile Include="unittest\case\base\container\utility\contain_test.cpp">
      <Filter>case\base\container\utility</Filter>
    </ClCompile>
    <ClCompile Include="unittest\case\base\container\utility\erase_test.cpp">
      <Filter>case\base\container\utility</Filter>
    </ClCompile>
    <ClCompile Include="unittest\case\base\container\utility\find_test.cpp">
      <Filter>case\base\container\utility</Filter>
    </ClCompile>
    <ClCompile Include="unittest\case\base\container\utility\sort_test.cpp">
      <Filter>case\base\container\utility</Filter>
    </ClCompile>
    <ClCompile Include="unittest\case\base\container\utility\unique_test.cpp">
      <Filter>case\base\container\utility</Filter>
    </ClCompile>
    <ClCompile Include="unittest\case\base\container\utility\classify_test.cpp">
      <Filter>case\base\container\utility</Filter>
    </ClCompile>
    <ClCompile Include="unittest\case\base\container\utility\map_test.cpp">
      <Filter>case\base\container\utility</Filter>
    </ClCompile>
    <ClCompile Include="unittest\case\base\container\utility\conversion_test.cpp">
      <Filter>case\base\container\utility</Filter>
    </ClCompile>
    <ClCompile Include="unittest\case\base\container\utility\append_test.cpp">
      <Filter>case\base\container\utility</Filter>
    </ClCompile>
    <ClCompile Include="unittest\case\base\container\utility\intersect_test.cpp">
      <Filter>case\base\container\utility</Filter>
    </ClCompile>
    <ClCompile Include="unittest\case\base\container\utility\union_test.cpp">
      <Filter>case\base\container\utility</Filter>
    </ClCompile>
    <ClCompile Include="unittest\case\base\container\utility\differ_test.cpp">
      <Filter>case\base\container\utility</Filter>
    </ClCompile>
    <ClCompile Include="unittest\case\base\string\split_test.cpp">
      <Filter>case\base\string</Filter>
    </ClCompile>
    <ClCompile Include="unittest\case\parsing\xaml_reader_test.cpp">
      <Filter>case\parsing</Filter>
    </ClCompile>
    <ClCompile Include="unittest\case\parsing\parsers\rounded_rect_parser_test.cpp">
      <Filter>case\parsing\parsers</Filter>
    </ClCompile>
    <ClCompile Include="unittest\case\parsing\parsers\ellipse_parser_test.cpp">
      <Filter>case\parsing\parsers</Filter>
    </ClCompile>
    <ClCompile Include="unittest\case\parsing\parsers\control_parser_test.cpp">
      <Filter>case\parsing\parsers</Filter>
    </ClCompile>
    <ClCompile Include="unittest\case\parsing\parsers\color_parser_test.cpp">
      <Filter>case\parsing\parsers</Filter>
    </ClCompile>
    <ClCompile Include="unittest\case\parsing\parsers\textual_control_parser_test.cpp">
      <Filter>case\parsing\parsers</Filter>
    </ClCompile>
    <ClCompile Include="unittest\case\parsing\parsers\window_parser_test.cpp">
      <Filter>case\parsing\parsers</Filter>
    </ClCompile>
    <ClCompile Include="unittest\case\parsing\parsers\check_box_parser_test.cpp">
      <Filter>case\parsing\parsers</Filter>
    </ClCompile>
    <ClCompile Include="unittest\case\parsing\helpers_test.cpp">
      <Filter>case\parsing</Filter>
    </ClCompile>
    <ClCompile Include="unittest\case\control\layout\internal\linear_layout_length_calculating_test.cpp">
      <Filter>case\control\layout\internal</Filter>
    </ClCompile>
    <ClCompile Include="unittest\case\control\layout\linear_layouter_test.cpp">
      <Filter>case\control\layout</Filter>
    </ClCompile>
    <ClCompile Include="unittest\case\parsing\parsers\linear_layouter_parser_test.cpp">
      <Filter>case\parsing\parsers</Filter>
    </ClCompile>
    <ClCompile Include="unittest\case\control\control_test.cpp">
      <Filter>case\control</Filter>
    </ClCompile>
    <ClCompile Include="unittest\case\control\internal\image_box\image_drawing_test.cpp">
      <Filter>case\control\internal\image_box</Filter>
    </ClCompile>
    <ClCompile Include="unittest\case\parsers\uri_image_parser_test.cpp">
      <Filter>case\parsing\parsers</Filter>
    </ClCompile>
    <ClCompile Include="unittest\case\base\container\utility\range_test.cpp">
      <Filter>case\base\container\utility</Filter>
    </ClCompile>
    <ClCompile Include="unittest\case\control\linear_box_test.cpp">
      <Filter>case\control</Filter>
    </ClCompile>
    <ClCompile Include="unittest\case\parsing\parsers\font_parser_test.cpp">
      <Filter>case\parsing\parsers</Filter>
    </ClCompile>
    <ClCompile Include="unittest\case\control\internal\list_control\list_control_item_height_manager_test.cpp">
      <Filter>case\control\internal\list_control</Filter>
    </ClCompile>
    <ClCompile Include="unittest\case\control\internal\list_control\list_control_item_selection_manager_test.cpp">
      <Filter>case\control\internal\list_control</Filter>
    </ClCompile>
    <ClCompile Include="unittest\case\control\internal\range_manager_test.cpp">
      <Filter>case\control\internal</Filter>
    </ClCompile>
    <ClCompile Include="unittest\case\base\container\utility\copy_test.cpp">
      <Filter>case\base\container\utility</Filter>
    </ClCompile>
    <ClCompile Include="unittest\case\base\hash_test.cpp">
      <Filter>case\base</Filter>
    </ClCompile>
    <ClCompile Include="unittest\case\control\internal\tree_control\tree_index_mapping_test.cpp">
      <Filter>case\control\internal\tree_control</Filter>
    </ClCompile>
    <ClCompile Include="unittest\case\rx\creation_test.cpp">
      <Filter>case\rx</Filter>
    </ClCompile>
    <ClCompile Include="unittest\case\resource\internal\resource_location_parsing_test.cpp">
      <Filter>case\resource\internal</Filter>
    </ClCompile>
    <ClCompile Include="unittest\case\base\stream_test.cpp">
      <Filter>case\base</Filter>
    </ClCompile>
    <ClCompile Include="unittest\case\control\control_binder_test.cpp">
      <Filter>case\control</Filter>
    </ClCompile>
    <ClCompile Include="unittest\case\window\message_only_window_test.cpp">
      <Filter>case\window</Filter>
    </ClCompile>
    <ClCompile Include="unittest\case\base\string\trim_test.cpp">
      <Filter>case\base\string</Filter>
    </ClCompile>
    <ClCompile Include="unittest\case\window\window_test.cpp">
      <Filter>case\window</Filter>
    </ClCompile>
    <ClCompile Include="unittest\case\application_test.cpp">
      <Filter>case</Filter>
    </ClCompile>
    <ClCompile Include="unittest\case\control\textual_control_test.cpp">
      <Filter>case\control</Filter>
    </ClCompile>
    <ClCompile Include="unittest\case\control\layout\layout_case_test.cpp">
      <Filter>case\control\layout</Filter>
    </ClCompile>
    <ClCompile Include="unittest\case\object\boxing\boxed_object_equality_test.cpp">
      <Filter>case\object\boxing</Filter>
    </ClCompile>
    <ClCompile Include="unittest\case\object\boxing\boxing_test.cpp">
      <Filter>case\object\boxing</Filter>
    </ClCompile>
    <ClCompile Include="unittest\case\object\boxing\numeric_boxed_type_test.cpp">
      <Filter>case\object\boxing</Filter>
    </ClCompile>
    <ClCompile Include="unittest\case\object\boxing\string_boxed_type_test.cpp">
      <Filter>case\object\boxing</Filter>
    </ClCompile>
    <ClCompile Include="unittest\case\object\property_test.cpp">
      <Filter>case\object</Filter>
    </ClCompile>
    <ClCompile Include="unittest\case\object\enum_test.cpp">
      <Filter>case\object</Filter>
    </ClCompile>
    <ClCompile Include="unittest\case\object\parsing\parsing_test.cpp">
      <Filter>case\object\parsing</Filter>
    </ClCompile>
    <ClCompile Include="unittest\case\base\flag_enum_test.cpp">
      <Filter>case\base</Filter>
    </ClCompile>
    <ClCompile Include="unittest\case\graphic\font\font_weight_test.cpp">
      <Filter>case\graphic\font</Filter>
    </ClCompile>
    <ClCompile Include="unittest\case\object\boxing\boolean_test.cpp">
      <Filter>case\object\boxing</Filter>
    </ClCompile>
    <ClCompile Include="unittest\case\base\as_test.cpp">
      <Filter>case\base</Filter>
    </ClCompile>
    <ClCompile Include="unittest\case\control\scrollable_control_parse_test.cpp">
      <Filter>case\control</Filter>
    </ClCompile>
    <ClCompile Include="unittest\case\control\scrollable_control_test.cpp">
      <Filter>case\control</Filter>
    </ClCompile>
    <ClCompile Include="unittest\case\resource\internal\uri_parsing_test.cpp">
      <Filter>case\resource\internal</Filter>
    </ClCompile>
    <ClCompile Include="unittest\case\resource\internal\default_uri_loader_test.cpp">
      <Filter>case\resource\internal</Filter>
    </ClCompile>
    <ClCompile Include="unittest\case\resource\internal\resource_loader_test.cpp">
      <Filter>case\resource\internal</Filter>
    </ClCompile>
    <ClCompile Include="unittest\case\base\auto_reset_value_test.cpp">
      <Filter>case\base</Filter>
    </ClCompile>
    <ClCompile Include="unittest\case\object\object_test.cpp">
      <Filter>case\object</Filter>
    </ClCompile>
    <ClCompile Include="unittest\case\create_test.cpp">
      <Filter>case</Filter>
    </ClCompile>
    <ClCompile Include="unittest\case\string\join_test.cpp">
      <Filter>case\base\string</Filter>
    </ClCompile>
    <ClCompile Include="unittest\case\base\registry\registry_get_value_test.cpp">
      <Filter>case\base\registry</Filter>
    </ClCompile>
    <ClCompile Include="unittest\case\control\image_box_parse_test.cpp">
      <Filter>case\control</Filter>
    </ClCompile>
    <ClCompile Include="unittest\case\base\registry\registry_key_basic_test.cpp">
      <Filter>case\base\registry</Filter>
    </ClCompile>
    <ClCompile Include="unittest\case\base\registry\registry_create_sub_key_test.cpp">
      <Filter>case\base\registry</Filter>
    </ClCompile>
    <ClCompile Include="unittest\case\base\registry\registry_open_sub_key_test.cpp">
      <Filter>case\base\registry</Filter>
    </ClCompile>
    <ClCompile Include="unittest\case\base\registry\registry_test.cpp">
      <Filter>case\base\registry</Filter>
    </ClCompile>
    <ClCompile Include="unittest\case\base\registry\registry_delete_sub_key_test.cpp">
      <Filter>case\base\registry</Filter>
    </ClCompile>
    <ClCompile Include="unittest\case\base\registry\registry_set_value_test.cpp">
      <Filter>case\base\registry</Filter>
    </ClCompile>
    <ClCompile Include="unittest\case\graphic\size_test.cpp">
      <Filter>case\graphic</Filter>
    </ClCompile>
    <ClCompile Include="unittest\case\graphic\point_test.cpp">
      <Filter>case\graphic</Filter>
    </ClCompile>
    <ClCompile Include="unittest\case\graphic\frame_test.cpp">
      <Filter>case\graphic</Filter>
    </ClCompile>
    <ClCompile Include="unittest\case\graphic\rounded_rect_test.cpp">
      <Filter>case\graphic</Filter>
    </ClCompile>
    <ClCompile Include="unittest\case\graphic\ellipse_test.cpp">
      <Filter>case\graphic</Filter>
    </ClCompile>
    <ClCompile Include="unittest\case\graphic\color_test.cpp">
      <Filter>case\graphic</Filter>
    </ClCompile>
    <ClCompile Include="unittest\case\graphic\size_parser_test.cpp">
      <Filter>case\graphic</Filter>
    </ClCompile>
    <ClCompile Include="unittest\case\graphic\point_parser_test.cpp">
      <Filter>case\graphic</Filter>
    </ClCompile>
    <ClCompile Include="unittest\case\graphic\frame_parser_test.cpp">
      <Filter>case\graphic</Filter>
    </ClCompile>
    <ClCompile Include="unittest\case\graphic\rect_parser_test.cpp">
      <Filter>case\graphic</Filter>
    </ClCompile>
    <ClCompile Include="unittest\case\control\split_control_test.cpp">
      <Filter>case\control</Filter>
    </ClCompile>
    <ClCompile Include="unittest\case\base\string\encoding_conversion_test.cpp">
      <Filter>case\base\string</Filter>
    </ClCompile>
    <ClCompile Include="unittest\case\control\list_control_reenter_test.cpp">
      <Filter>case\control</Filter>
    </ClCompile>
    <ClCompile Include="unittest\case\window\window_message_routing_test.cpp">
      <Filter>case\window</Filter>
    </ClCompile>
    <ClCompile Include="unittest\case\rx\subject_test.cpp">
      <Filter>case\rx</Filter>
    </ClCompile>
    <ClCompile Include="unittest\case\rx\subscription_set_test.cpp">
      <Filter>case\rx</Filter>
    </ClCompile>
    <ClCompile Include="unittest\case\window\window_holder_test.cpp">
      <Filter>case\window</Filter>
    </ClCompile>
    <ClCompile Include="unittest\case\base\com_object_test.cpp">
      <Filter>case\base</Filter>
    </ClCompile>
    <ClCompile Include="unittest\case\base\non_copyable_test.cpp">
      <Filter>case\base</Filter>
    </ClCompile>
    <ClCompile Include="unittest\case\base\clipboard_test.cpp">
      <Filter>case\base</Filter>
    </ClCompile>
    <ClCompile Include="unittest\case\control\text_source_test.cpp">
      <Filter>case\control</Filter>
    </ClCompile>
    <ClCompile Include="unittest\case\control\rich_edit_test.cpp">
      <Filter>case\control</Filter>
    </ClCompile>
    <ClCompile Include="unittest\case\base\event\event_test.cpp">
      <Filter>case\base\event</Filter>
    </ClCompile>
    <ClCompile Include="unittest\case\base\global_mem_test.cpp">
      <Filter>case\base</Filter>
    </ClCompile>
  </ItemGroup>
  <ItemGroup>
    <ClInclude Include="unittest\case\base\test_object.h">
      <Filter>case\base</Filter>
    </ClInclude>
    <ClInclude Include="unittest\case\parsing\parsers\utility.h">
      <Filter>case\parsing\parsers</Filter>
    </ClInclude>
    <ClInclude Include="unittest\utility\assert.h">
      <Filter>utility</Filter>
    </ClInclude>
    <ClInclude Include="unittest\case\base\registry\registry_test.h">
      <Filter>case\base\registry</Filter>
    </ClInclude>
  </ItemGroup>
  <ItemGroup>
    <ResourceCompile Include="unittest\res.rc" />
  </ItemGroup>
  <ItemGroup>
    <None Include="packages.config" />
  </ItemGroup>
</Project>