<?xml version="1.0" encoding="utf-8"?>
<Project ToolsVersion="4.0" xmlns="http://schemas.microsoft.com/developer/msbuild/2003">
  <ItemGroup>
    <Filter Include="zaf">
      <UniqueIdentifier>{fad741c3-0785-492f-aef3-d9e612b565e6}</UniqueIdentifier>
    </Filter>
    <Filter Include="zaf\base">
      <UniqueIdentifier>{52ca2341-45e3-46d9-8a05-84664f8cede4}</UniqueIdentifier>
    </Filter>
    <Filter Include="zaf\window">
      <UniqueIdentifier>{f5574f1e-9d81-416f-85f5-666dddb83155}</UniqueIdentifier>
    </Filter>
    <Filter Include="zaf\graphic">
      <UniqueIdentifier>{d45474f1-c5c4-40c0-a6e8-8d393e1f96bf}</UniqueIdentifier>
    </Filter>
    <Filter Include="zaf\graphic\brush">
      <UniqueIdentifier>{a3b014e0-ac1c-44fb-b20f-f4f77ebee9d7}</UniqueIdentifier>
    </Filter>
    <Filter Include="zaf\control">
      <UniqueIdentifier>{c624bfa0-8cda-4e20-9245-dde86f21842b}</UniqueIdentifier>
    </Filter>
    <Filter Include="zaf\graphic\text">
      <UniqueIdentifier>{27b1fee3-ac73-4419-b095-24ff29ad3c11}</UniqueIdentifier>
    </Filter>
    <Filter Include="zaf\graphic\geometry">
      <UniqueIdentifier>{588f47a2-5d14-49cc-95c1-251c2783efd8}</UniqueIdentifier>
    </Filter>
    <Filter Include="zaf\graphic\font">
      <UniqueIdentifier>{eb21b954-c3ad-4906-b14a-c400e7f6e3cb}</UniqueIdentifier>
    </Filter>
    <Filter Include="zaf\control\layout">
      <UniqueIdentifier>{71859885-25bf-4217-93fc-5e753da7627c}</UniqueIdentifier>
    </Filter>
    <Filter Include="zaf\window\message">
      <UniqueIdentifier>{bf88a0a8-590c-4f2b-9c03-0dc2754fec2e}</UniqueIdentifier>
    </Filter>
    <Filter Include="zaf\internal">
      <UniqueIdentifier>{b5920753-f112-4664-9370-9e9302bb837c}</UniqueIdentifier>
    </Filter>
    <Filter Include="zaf\base\string">
      <UniqueIdentifier>{0575bb1f-2f46-4ee6-8d1b-25c742149b7f}</UniqueIdentifier>
    </Filter>
    <Filter Include="zaf\control\internal">
      <UniqueIdentifier>{6727cfd9-42d2-4ad1-896a-3e726fe276df}</UniqueIdentifier>
    </Filter>
    <Filter Include="zaf\control\layout\internal">
      <UniqueIdentifier>{088ead32-06ab-409a-b21e-37aeb91334a3}</UniqueIdentifier>
    </Filter>
    <Filter Include="zaf\graphic\image">
      <UniqueIdentifier>{ab9b298a-d82e-4aa0-8331-c0c22bc9ffff}</UniqueIdentifier>
    </Filter>
    <Filter Include="zaf\control\internal\image_box">
      <UniqueIdentifier>{6783574a-ea9b-4f6e-9dca-10fff2f4fdcd}</UniqueIdentifier>
    </Filter>
    <Filter Include="zaf\graphic\renderer">
      <UniqueIdentifier>{06391e47-8d87-4b81-bcba-95a163e421c9}</UniqueIdentifier>
    </Filter>
    <Filter Include="zaf\control\internal\scrollable_control">
      <UniqueIdentifier>{3895c0e4-4a91-4965-8af7-be9344ec8ebb}</UniqueIdentifier>
    </Filter>
    <Filter Include="zaf\serialization">
      <UniqueIdentifier>{7205d02a-edfd-4def-9a34-b80b80d1ed3e}</UniqueIdentifier>
    </Filter>
    <Filter Include="zaf\base\container">
      <UniqueIdentifier>{8f617298-ecbd-4034-9e95-5d4d9592fb2c}</UniqueIdentifier>
    </Filter>
    <Filter Include="zaf\base\container\utility">
      <UniqueIdentifier>{58c8f4c0-371b-4487-9c74-27b9307e5676}</UniqueIdentifier>
    </Filter>
    <Filter Include="zaf\window\message\internal">
      <UniqueIdentifier>{4d3ccef9-f4a7-4dd9-89de-203888e05c77}</UniqueIdentifier>
    </Filter>
    <Filter Include="zaf\graphic\internal">
      <UniqueIdentifier>{bac57db8-2209-4a31-825a-4fd930ca21cc}</UniqueIdentifier>
    </Filter>
    <Filter Include="zaf\base\registry">
      <UniqueIdentifier>{3a7441f4-3ab1-4236-afc5-24ba0fd93ca5}</UniqueIdentifier>
    </Filter>
    <Filter Include="zaf\graphic\image\wic">
      <UniqueIdentifier>{34703fb0-a839-46c5-9f90-828e3ac139ef}</UniqueIdentifier>
    </Filter>
    <Filter Include="zaf\graphic\image\internal">
      <UniqueIdentifier>{51bfb241-b80c-4614-99dc-95b565164fff}</UniqueIdentifier>
    </Filter>
    <Filter Include="zaf\resource">
      <UniqueIdentifier>{cfdf8476-7527-420b-8c7a-f1b8da7ade39}</UniqueIdentifier>
    </Filter>
    <Filter Include="zaf\resource\internal">
      <UniqueIdentifier>{c0407eed-88f9-44a0-b226-391be1616417}</UniqueIdentifier>
    </Filter>
    <Filter Include="zaf\base\error">
      <UniqueIdentifier>{62ec9b22-b712-4e9f-a54b-d635e891774a}</UniqueIdentifier>
    </Filter>
    <Filter Include="zaf\control\internal\tree_control">
      <UniqueIdentifier>{f09a58c2-d965-4161-89a0-d3c47a68607f}</UniqueIdentifier>
    </Filter>
    <Filter Include="zaf\object">
      <UniqueIdentifier>{02ef127b-fbe7-4c74-a9e3-545477c89135}</UniqueIdentifier>
    </Filter>
    <Filter Include="zaf\object\internal">
      <UniqueIdentifier>{e9dd3b55-91ef-4199-a0db-c321364db7b4}</UniqueIdentifier>
    </Filter>
    <Filter Include="zaf\control\internal\list_control">
      <UniqueIdentifier>{ee7cd62b-5636-4a18-b27a-7674b271936a}</UniqueIdentifier>
    </Filter>
    <Filter Include="zaf\rx">
      <UniqueIdentifier>{d12ecaff-7f5d-4ebc-ab47-74e894015d2a}</UniqueIdentifier>
    </Filter>
    <Filter Include="zaf\rx\internal">
      <UniqueIdentifier>{4f0eb504-a735-4959-b55d-fe87b49a6336}</UniqueIdentifier>
    </Filter>
    <Filter Include="zaf\rx\internal\subject">
      <UniqueIdentifier>{1fe2999e-539f-473a-b31b-10009ec50146}</UniqueIdentifier>
    </Filter>
    <Filter Include="zaf\rx\internal\subscription">
      <UniqueIdentifier>{c4bfd136-d765-4aca-9264-371471366272}</UniqueIdentifier>
    </Filter>
    <Filter Include="zaf\window\inspector">
      <UniqueIdentifier>{a474fbd8-df16-4454-bfd9-f59ac1911709}</UniqueIdentifier>
    </Filter>
    <Filter Include="zaf\window\inspector\internal">
      <UniqueIdentifier>{bf423cf0-8a2d-49b9-ac84-ef758b22594e}</UniqueIdentifier>
    </Filter>
    <Filter Include="zaf\rx\internal\thread">
      <UniqueIdentifier>{a652b86e-a73a-4800-9586-d72c1011f010}</UniqueIdentifier>
    </Filter>
    <Filter Include="zaf\rx\internal\scheduler">
      <UniqueIdentifier>{b8fa2c2c-485a-499d-81f7-d6824a345d84}</UniqueIdentifier>
    </Filter>
    <Filter Include="zaf\rx\internal\operator">
      <UniqueIdentifier>{8bc181b1-db4c-40cf-8d10-df9eb5d34dba}</UniqueIdentifier>
    </Filter>
    <Filter Include="zaf\rx\internal\observable">
      <UniqueIdentifier>{91d47c0f-89ac-4b11-a79e-ca03fa1dd2fe}</UniqueIdentifier>
    </Filter>
    <Filter Include="zaf\window\internal">
      <UniqueIdentifier>{9753c9aa-251c-4966-b76e-70c7d7f08694}</UniqueIdentifier>
    </Filter>
    <Filter Include="zaf\object\boxing">
      <UniqueIdentifier>{0dff3f08-a273-48b0-9ecb-a65c90a1093c}</UniqueIdentifier>
    </Filter>
    <Filter Include="zaf\object\boxing\internal">
      <UniqueIdentifier>{3eeb11b4-6471-445d-a2bd-d334fe968cdb}</UniqueIdentifier>
    </Filter>
    <Filter Include="zaf\object\parsing">
      <UniqueIdentifier>{668ce856-de97-4b3d-9dff-b0cfd3fdace0}</UniqueIdentifier>
    </Filter>
    <Filter Include="zaf\object\parsing\internal">
      <UniqueIdentifier>{3bc59b42-1eb6-4c6b-b276-9e2ec11d3233}</UniqueIdentifier>
    </Filter>
    <Filter Include="zaf\control\property_grid">
      <UniqueIdentifier>{911b72c6-c587-4dca-a2fe-3c49df6ad566}</UniqueIdentifier>
    </Filter>
    <Filter Include="zaf\control\property_grid\internal">
      <UniqueIdentifier>{3d547d53-7cdf-4255-88dd-e5cd590dc731}</UniqueIdentifier>
    </Filter>
    <Filter Include="zaf\base\event">
      <UniqueIdentifier>{2ad894ba-24eb-46df-87df-a53de41e3a1c}</UniqueIdentifier>
    </Filter>
    <Filter Include="zaf\control\event">
      <UniqueIdentifier>{2b04ea79-647a-4b12-b6e7-18af04a54ac9}</UniqueIdentifier>
    </Filter>
    <Filter Include="zaf\window\event">
      <UniqueIdentifier>{27adc10e-557f-475f-92e2-c64615cdbfad}</UniqueIdentifier>
    </Filter>
  </ItemGroup>
  <ItemGroup>
    <ClCompile Include="src\zaf\application.cpp">
      <Filter>zaf</Filter>
    </ClCompile>
    <ClCompile Include="src\zaf\base\timer.cpp">
      <Filter>zaf\base</Filter>
    </ClCompile>
    <ClCompile Include="src\zaf\base\log.cpp">
      <Filter>zaf\base</Filter>
    </ClCompile>
    <ClCompile Include="src\zaf\window\window.cpp">
      <Filter>zaf\window</Filter>
    </ClCompile>
    <ClCompile Include="src\zaf\graphic\canvas.cpp">
      <Filter>zaf\graphic</Filter>
    </ClCompile>
    <ClCompile Include="src\zaf\graphic\color.cpp">
      <Filter>zaf\graphic</Filter>
    </ClCompile>
    <ClCompile Include="src\zaf\control\control.cpp">
      <Filter>zaf\control</Filter>
    </ClCompile>
    <ClCompile Include="src\zaf\control\clickable_control.cpp">
      <Filter>zaf\control</Filter>
    </ClCompile>
    <ClCompile Include="src\zaf\control\button.cpp">
      <Filter>zaf\control</Filter>
    </ClCompile>
    <ClCompile Include="src\zaf\control\label.cpp">
      <Filter>zaf\control</Filter>
    </ClCompile>
    <ClCompile Include="src\zaf\control\scrollable_control.cpp">
      <Filter>zaf\control</Filter>
    </ClCompile>
    <ClCompile Include="src\zaf\control\text_box.cpp">
      <Filter>zaf\control</Filter>
    </ClCompile>
    <ClCompile Include="src\zaf\control\check_box.cpp">
      <Filter>zaf\control</Filter>
    </ClCompile>
    <ClCompile Include="src\zaf\graphic\geometry\path_geometry.cpp">
      <Filter>zaf\graphic\geometry</Filter>
    </ClCompile>
    <ClCompile Include="src\zaf\graphic\geometry\geometry_sink.cpp">
      <Filter>zaf\graphic\geometry</Filter>
    </ClCompile>
    <ClCompile Include="src\zaf\graphic\font\font_collection.cpp">
      <Filter>zaf\graphic\font</Filter>
    </ClCompile>
    <ClCompile Include="src\zaf\graphic\font\font_face.cpp">
      <Filter>zaf\graphic\font</Filter>
    </ClCompile>
    <ClCompile Include="src\zaf\graphic\text\text_layout.cpp">
      <Filter>zaf\graphic\text</Filter>
    </ClCompile>
    <ClCompile Include="src\zaf\control\radio_button.cpp">
      <Filter>zaf\control</Filter>
    </ClCompile>
    <ClCompile Include="src\zaf\control\layout\anchor_layouter.cpp">
      <Filter>zaf\control\layout</Filter>
    </ClCompile>
    <ClCompile Include="src\zaf\graphic\rect.cpp">
      <Filter>zaf\graphic</Filter>
    </ClCompile>
    <ClCompile Include="src\zaf\control\textual_control.cpp">
      <Filter>zaf\control</Filter>
    </ClCompile>
    <ClCompile Include="src\zaf\graphic\font\font.cpp">
      <Filter>zaf\graphic\font</Filter>
    </ClCompile>
    <ClCompile Include="src\zaf\control\text_validator.cpp">
      <Filter>zaf\control</Filter>
    </ClCompile>
    <ClCompile Include="src\zaf\window\dialog.cpp">
      <Filter>zaf\window</Filter>
    </ClCompile>
    <ClCompile Include="src\zaf\internal\paint_utility.cpp">
      <Filter>zaf\internal</Filter>
    </ClCompile>
    <ClCompile Include="src\zaf\graphic\graphic_factory.cpp">
      <Filter>zaf\graphic</Filter>
    </ClCompile>
    <ClCompile Include="src\zaf\internal\tab_stop_utility.cpp">
      <Filter>zaf\internal</Filter>
    </ClCompile>
    <ClCompile Include="src\zaf\window\message\mouse_message.cpp">
      <Filter>zaf\window\message</Filter>
    </ClCompile>
    <ClCompile Include="src\zaf\graphic\matrix.cpp">
      <Filter>zaf\graphic</Filter>
    </ClCompile>
    <ClCompile Include="src\zaf\internal\message_loop.cpp">
      <Filter>zaf\internal</Filter>
    </ClCompile>
    <ClCompile Include="src\zaf\control\combo_box.cpp">
      <Filter>zaf\control</Filter>
    </ClCompile>
    <ClCompile Include="src\zaf\control\list_control.cpp">
      <Filter>zaf\control</Filter>
    </ClCompile>
    <ClCompile Include="src\zaf\control\internal\combo_box_drop_down_window.cpp">
      <Filter>zaf\control\internal</Filter>
    </ClCompile>
    <ClCompile Include="src\zaf\control\split_control.cpp">
      <Filter>zaf\control</Filter>
    </ClCompile>
    <ClCompile Include="src\zaf\graphic\font\font_family.cpp">
      <Filter>zaf\graphic\font</Filter>
    </ClCompile>
    <ClCompile Include="src\zaf\graphic\localized_strings.cpp">
      <Filter>zaf\graphic</Filter>
    </ClCompile>
    <ClCompile Include="src\zaf\control\image_box.cpp">
      <Filter>zaf\control</Filter>
    </ClCompile>
    <ClCompile Include="src\zaf\control\internal\image_box\gif_player.cpp">
      <Filter>zaf\control\internal\image_box</Filter>
    </ClCompile>
    <ClCompile Include="src\zaf\graphic\renderer\renderer.cpp">
      <Filter>zaf\graphic\renderer</Filter>
    </ClCompile>
    <ClCompile Include="src\zaf\graphic\renderer\bitmap_renderer.cpp">
      <Filter>zaf\graphic\renderer</Filter>
    </ClCompile>
    <ClCompile Include="src\zaf\graphic\image\gif_metadata_querier.cpp">
      <Filter>zaf\graphic\image</Filter>
    </ClCompile>
    <ClCompile Include="src\zaf\graphic\text\text_format.cpp">
      <Filter>zaf\graphic\text</Filter>
    </ClCompile>
    <ClCompile Include="src\zaf\control\internal\scrollable_control\general_scrolling_layouter.cpp">
      <Filter>zaf\control\internal\scrollable_control</Filter>
    </ClCompile>
    <ClCompile Include="src\zaf\control\internal\scrollable_control\self_scrolling_layouter.cpp">
      <Filter>zaf\control\internal\scrollable_control</Filter>
    </ClCompile>
    <ClCompile Include="src\zaf\control\internal\scrollable_control\scrollable_control_layouter.cpp">
      <Filter>zaf\control\internal\scrollable_control</Filter>
    </ClCompile>
    <ClCompile Include="src\zaf\graphic\size.cpp">
      <Filter>zaf\graphic</Filter>
    </ClCompile>
    <ClCompile Include="src\zaf\graphic\point.cpp">
      <Filter>zaf\graphic</Filter>
    </ClCompile>
    <ClCompile Include="src\zaf\graphic\rounded_rect.cpp">
      <Filter>zaf\graphic</Filter>
    </ClCompile>
    <ClCompile Include="src\zaf\graphic\frame.cpp">
      <Filter>zaf\graphic</Filter>
    </ClCompile>
    <ClCompile Include="src\zaf\graphic\ellipse.cpp">
      <Filter>zaf\graphic</Filter>
    </ClCompile>
    <ClCompile Include="src\zaf\base\stream.cpp">
      <Filter>zaf\base</Filter>
    </ClCompile>
    <ClCompile Include="src\zaf\base\string\encoding_conversion.cpp">
      <Filter>zaf\base\string</Filter>
    </ClCompile>
    <ClCompile Include="src\zaf\control\color_picker.cpp">
      <Filter>zaf\control</Filter>
    </ClCompile>
    <ClCompile Include="src\precompiled.cpp" />
    <ClCompile Include="src\zaf\graphic\text\text_trimming.cpp">
      <Filter>zaf\graphic\text</Filter>
    </ClCompile>
    <ClCompile Include="src\zaf\window\message\internal\mouse_position_conversion.cpp">
      <Filter>zaf\window\message\internal</Filter>
    </ClCompile>
    <ClCompile Include="src\zaf\graphic\alignment.cpp">
      <Filter>zaf\graphic</Filter>
    </ClCompile>
    <ClCompile Include="src\zaf\base\registry\registry_key.cpp">
      <Filter>zaf\base\registry</Filter>
    </ClCompile>
    <ClCompile Include="src\zaf\control\layout\layouter.cpp">
      <Filter>zaf\control\layout</Filter>
    </ClCompile>
    <ClCompile Include="src\zaf\control\layout\linear_layouter.cpp">
      <Filter>zaf\control\layout</Filter>
    </ClCompile>
    <ClCompile Include="src\zaf\control\layout\internal\linear_layout_length_calculating.cpp">
      <Filter>zaf\control\layout\internal</Filter>
    </ClCompile>
    <ClCompile Include="src\zaf\graphic\image\wic\bitmap_source.cpp">
      <Filter>zaf\graphic\image\wic</Filter>
    </ClCompile>
    <ClCompile Include="src\zaf\graphic\image\wic\bitmap.cpp">
      <Filter>zaf\graphic\image\wic</Filter>
    </ClCompile>
    <ClCompile Include="src\zaf\graphic\image\wic\pixel_format.cpp">
      <Filter>zaf\graphic\image\wic</Filter>
    </ClCompile>
    <ClCompile Include="src\zaf\graphic\image\wic\bitmap_decoder.cpp">
      <Filter>zaf\graphic\image\wic</Filter>
    </ClCompile>
    <ClCompile Include="src\zaf\graphic\image\wic\container_format.cpp">
      <Filter>zaf\graphic\image\wic</Filter>
    </ClCompile>
    <ClCompile Include="src\zaf\graphic\image\wic\bitmap_decode_frame.cpp">
      <Filter>zaf\graphic\image\wic</Filter>
    </ClCompile>
    <ClCompile Include="src\zaf\graphic\image\wic\palette.cpp">
      <Filter>zaf\graphic\image\wic</Filter>
    </ClCompile>
    <ClCompile Include="src\zaf\graphic\render_bitmap.cpp">
      <Filter>zaf\graphic</Filter>
    </ClCompile>
    <ClCompile Include="src\zaf\graphic\image\wic\imaging_factory.cpp">
      <Filter>zaf\graphic\image\wic</Filter>
    </ClCompile>
    <ClCompile Include="src\zaf\control\image_picker.cpp">
      <Filter>zaf\control</Filter>
    </ClCompile>
    <ClCompile Include="src\zaf\control\internal\image_box\image_drawing.cpp">
      <Filter>zaf\control\internal\image_box</Filter>
    </ClCompile>
    <ClCompile Include="src\zaf\graphic\image\image.cpp">
      <Filter>zaf\graphic\image</Filter>
    </ClCompile>
    <ClCompile Include="src\zaf\graphic\image\uri_image.cpp">
      <Filter>zaf\graphic\image</Filter>
    </ClCompile>
    <ClCompile Include="src\zaf\resource\resource_factory.cpp">
      <Filter>zaf\resource</Filter>
    </ClCompile>
    <ClCompile Include="src\zaf\resource\internal\uri_parsing.cpp">
      <Filter>zaf\resource\internal</Filter>
    </ClCompile>
    <ClCompile Include="src\zaf\graphic\image\internal\utility.cpp">
      <Filter>zaf\graphic\image\internal</Filter>
    </ClCompile>
    <ClCompile Include="src\zaf\base\error\com_error.cpp">
      <Filter>zaf\base\error</Filter>
    </ClCompile>
    <ClCompile Include="src\zaf\control\linear_box.cpp">
      <Filter>zaf\control</Filter>
    </ClCompile>
    <ClCompile Include="src\zaf\control\tree_control.cpp">
      <Filter>zaf\control</Filter>
    </ClCompile>
    <ClCompile Include="src\zaf\control\list_item.cpp">
      <Filter>zaf\control</Filter>
    </ClCompile>
    <ClCompile Include="src\zaf\control\list_data_source.cpp">
      <Filter>zaf\control</Filter>
    </ClCompile>
    <ClCompile Include="src\zaf\control\list_box.cpp">
      <Filter>zaf\control</Filter>
    </ClCompile>
    <ClCompile Include="src\zaf\control\list_box_data_source.cpp">
      <Filter>zaf\control</Filter>
    </ClCompile>
    <ClCompile Include="src\zaf\object\object.cpp">
      <Filter>zaf\object</Filter>
    </ClCompile>
    <ClCompile Include="src\zaf\control\list_box_delegate.cpp">
      <Filter>zaf\control</Filter>
    </ClCompile>
    <ClCompile Include="src\zaf\control\internal\list_control\list_control_extended_multiple_select_strategy.cpp">
      <Filter>zaf\control\internal\list_control</Filter>
    </ClCompile>
    <ClCompile Include="src\zaf\control\internal\list_control\list_control_item_height_manager.cpp">
      <Filter>zaf\control\internal\list_control</Filter>
    </ClCompile>
    <ClCompile Include="src\zaf\control\internal\list_control\list_control_item_selection_manager.cpp">
      <Filter>zaf\control\internal\list_control</Filter>
    </ClCompile>
    <ClCompile Include="src\zaf\control\internal\list_control\list_control_select_strategy.cpp">
      <Filter>zaf\control\internal\list_control</Filter>
    </ClCompile>
    <ClCompile Include="src\zaf\control\internal\list_control\list_control_simple_multiple_select_strategy.cpp">
      <Filter>zaf\control\internal\list_control</Filter>
    </ClCompile>
    <ClCompile Include="src\zaf\control\internal\list_control\list_control_single_select_strategy.cpp">
      <Filter>zaf\control\internal\list_control</Filter>
    </ClCompile>
    <ClCompile Include="src\zaf\control\internal\range_manager.cpp">
      <Filter>zaf\control\internal</Filter>
    </ClCompile>
    <ClCompile Include="src\zaf\control\internal\list_control\list_control_implementation.cpp">
      <Filter>zaf\control\internal\list_control</Filter>
    </ClCompile>
    <ClCompile Include="src\zaf\control\list_item_container.cpp">
      <Filter>zaf\control</Filter>
    </ClCompile>
    <ClCompile Include="src\zaf\control\tree_item.cpp">
      <Filter>zaf\control</Filter>
    </ClCompile>
    <ClCompile Include="src\zaf\control\tree_data_source.cpp">
      <Filter>zaf\control</Filter>
    </ClCompile>
    <ClCompile Include="src\zaf\control\internal\tree_control\tree_control_implementation.cpp">
      <Filter>zaf\control\internal\tree_control</Filter>
    </ClCompile>
    <ClCompile Include="src\zaf\control\tree_item_expand_button.cpp">
      <Filter>zaf\control</Filter>
    </ClCompile>
    <ClCompile Include="src\zaf\control\internal\triangle_geometry.cpp">
      <Filter>zaf\control\internal</Filter>
    </ClCompile>
    <ClCompile Include="src\zaf\control\internal\cached_painting.cpp">
      <Filter>zaf\control\internal</Filter>
    </ClCompile>
    <ClCompile Include="src\zaf\control\internal\tree_control\utility.cpp">
      <Filter>zaf\control\internal\tree_control</Filter>
    </ClCompile>
    <ClCompile Include="src\zaf\rx\subscription.cpp">
      <Filter>zaf\rx</Filter>
    </ClCompile>
    <ClCompile Include="src\zaf\rx\internal\subject\subject_core.cpp">
      <Filter>zaf\rx\internal\subject</Filter>
    </ClCompile>
    <ClCompile Include="src\zaf\rx\internal\subscription\subscription_core.cpp">
      <Filter>zaf\rx\internal\subscription</Filter>
    </ClCompile>
    <ClCompile Include="src\zaf\rx\subscription_holder.cpp">
      <Filter>zaf\rx</Filter>
    </ClCompile>
    <ClCompile Include="src\zaf\control\internal\tree_control\tree_data_manager.cpp">
      <Filter>zaf\control\internal\tree_control</Filter>
    </ClCompile>
    <ClCompile Include="src\zaf\control\internal\tree_control\tree_index_mapping.cpp">
      <Filter>zaf\control\internal\tree_control</Filter>
    </ClCompile>
    <ClCompile Include="src\zaf\window\inspector\inspector_window.cpp">
      <Filter>zaf\window\inspector</Filter>
    </ClCompile>
    <ClCompile Include="src\zaf\window\inspector\internal\inspect_data_source.cpp">
      <Filter>zaf\window\inspector\internal</Filter>
    </ClCompile>
    <ClCompile Include="src\zaf\window\inspector\internal\inspect_item.cpp">
      <Filter>zaf\window\inspector\internal</Filter>
    </ClCompile>
    <ClCompile Include="src\zaf\window\inspector\internal\inspect_control_item.cpp">
      <Filter>zaf\window\inspector\internal</Filter>
    </ClCompile>
    <ClCompile Include="src\zaf\control\internal\tree_control\tree_node_expander.cpp">
      <Filter>zaf\control\internal\tree_control</Filter>
    </ClCompile>
    <ClCompile Include="src\zaf\control\internal\tree_control\tree_node_children_adder.cpp">
      <Filter>zaf\control\internal\tree_control</Filter>
    </ClCompile>
    <ClCompile Include="src\zaf\control\scroll_bar.cpp">
      <Filter>zaf\control</Filter>
    </ClCompile>
    <ClCompile Include="src\zaf\control\scroll_bar_arrow.cpp">
      <Filter>zaf\control</Filter>
    </ClCompile>
    <ClCompile Include="src\zaf\control\scroll_bar_thumb.cpp">
      <Filter>zaf\control</Filter>
    </ClCompile>
    <ClCompile Include="src\zaf\rx\internal\thread\run_loop_thread.cpp">
      <Filter>zaf\rx\internal\thread</Filter>
    </ClCompile>
    <ClCompile Include="src\zaf\rx\internal\thread\thread_manager.cpp">
      <Filter>zaf\rx\internal\thread</Filter>
    </ClCompile>
    <ClCompile Include="src\zaf\rx\internal\thread\window_thread.cpp">
      <Filter>zaf\rx\internal\thread</Filter>
    </ClCompile>
    <ClCompile Include="src\zaf\rx\scheduler.cpp">
      <Filter>zaf\rx</Filter>
    </ClCompile>
    <ClCompile Include="src\zaf\rx\internal\inner_observer.cpp">
      <Filter>zaf\rx\internal</Filter>
    </ClCompile>
    <ClCompile Include="src\zaf\rx\internal\subscription\inner_subscription.cpp">
      <Filter>zaf\rx\internal\subscription</Filter>
    </ClCompile>
    <ClCompile Include="src\zaf\rx\internal\subscription\inner_subscription_holder.cpp">
      <Filter>zaf\rx\internal\subscription</Filter>
    </ClCompile>
    <ClCompile Include="src\zaf\rx\internal\subject\inner_subject.cpp">
      <Filter>zaf\rx\internal\subject</Filter>
    </ClCompile>
    <ClCompile Include="src\zaf\rx\subscription_host.cpp">
      <Filter>zaf\rx</Filter>
    </ClCompile>
    <ClCompile Include="src\zaf\rx\internal\operator\subscribe_on_operator.cpp">
      <Filter>zaf\rx\internal\operator</Filter>
    </ClCompile>
    <ClCompile Include="src\zaf\rx\internal\observable\customized_observable.cpp">
      <Filter>zaf\rx\internal\observable</Filter>
    </ClCompile>
    <ClCompile Include="src\zaf\rx\internal\observable\just_observable.cpp">
      <Filter>zaf\rx\internal\observable</Filter>
    </ClCompile>
    <ClCompile Include="src\zaf\rx\internal\operator\observe_on_operator.cpp">
      <Filter>zaf\rx\internal\operator</Filter>
    </ClCompile>
    <ClCompile Include="src\zaf\rx\internal\observable\inner_observable.cpp">
      <Filter>zaf\rx\internal\observable</Filter>
    </ClCompile>
    <ClCompile Include="src\zaf\rx\internal\timer_manager.cpp">
      <Filter>zaf\rx\internal</Filter>
    </ClCompile>
    <ClCompile Include="src\zaf\rx\internal\rx_runtime.cpp">
      <Filter>zaf\rx\internal</Filter>
    </ClCompile>
    <ClCompile Include="src\zaf\rx\internal\observable\timer_observable.cpp">
      <Filter>zaf\rx\internal\observable</Filter>
    </ClCompile>
    <ClCompile Include="src\zaf\rx\timer.cpp">
      <Filter>zaf\rx</Filter>
    </ClCompile>
    <ClCompile Include="src\zaf\resource\uri_loader.cpp">
      <Filter>zaf\resource</Filter>
    </ClCompile>
    <ClCompile Include="src\zaf\resource\internal\resource_location_parsing.cpp">
      <Filter>zaf\resource\internal</Filter>
    </ClCompile>
    <ClCompile Include="src\zaf\resource\internal\resource_loader.cpp">
      <Filter>zaf\resource\internal</Filter>
    </ClCompile>
    <ClCompile Include="src\zaf\control\control_binder.cpp">
      <Filter>zaf\control</Filter>
    </ClCompile>
    <ClCompile Include="src\zaf\internal\system_message_window.cpp">
      <Filter>zaf\internal</Filter>
    </ClCompile>
    <ClCompile Include="src\zaf\window\internal\inner_message_only_window.cpp">
      <Filter>zaf\window\internal</Filter>
    </ClCompile>
    <ClCompile Include="src\zaf\rx\internal\observable\async_customized_observable.cpp">
      <Filter>zaf\rx\internal\observable</Filter>
    </ClCompile>
    <ClCompile Include="src\zaf\object\object_type.cpp">
      <Filter>zaf\object</Filter>
    </ClCompile>
    <ClCompile Include="src\zaf\object\internal\object_initializer.cpp">
      <Filter>zaf\object\internal</Filter>
    </ClCompile>
    <ClCompile Include="src\zaf\object\boxing\string.cpp">
      <Filter>zaf\object\boxing</Filter>
    </ClCompile>
    <ClCompile Include="src\zaf\object\boxing\numeric.cpp">
      <Filter>zaf\object\boxing</Filter>
    </ClCompile>
    <ClCompile Include="src\zaf\object\parsing\helpers.cpp">
      <Filter>zaf\object\parsing</Filter>
    </ClCompile>
    <ClCompile Include="src\zaf\object\parsing\xaml_node.cpp">
      <Filter>zaf\object\parsing</Filter>
    </ClCompile>
    <ClCompile Include="src\zaf\object\parsing\xaml_node_parse_helper.cpp">
      <Filter>zaf\object\parsing</Filter>
    </ClCompile>
    <ClCompile Include="src\zaf\object\parsing\xaml_reader.cpp">
      <Filter>zaf\object\parsing</Filter>
    </ClCompile>
    <ClCompile Include="src\zaf\object\boxing\boolean.cpp">
      <Filter>zaf\object\boxing</Filter>
    </ClCompile>
    <ClCompile Include="src\zaf\object\parsing\xaml_utility.cpp">
      <Filter>zaf\object\parsing</Filter>
    </ClCompile>
    <ClCompile Include="src\zaf\control\image_layout.cpp">
      <Filter>zaf\control</Filter>
    </ClCompile>
    <ClCompile Include="src\zaf\object\parsing\internal\default_object_parser.cpp">
      <Filter>zaf\object\parsing\internal</Filter>
    </ClCompile>
    <ClCompile Include="src\zaf\control\check_state.cpp">
      <Filter>zaf\control</Filter>
    </ClCompile>
    <ClCompile Include="src\zaf\graphic\text\text_alignment.cpp">
      <Filter>zaf\graphic\text</Filter>
    </ClCompile>
    <ClCompile Include="src\zaf\graphic\text\paragraph_alignment.cpp">
      <Filter>zaf\graphic\text</Filter>
    </ClCompile>
    <ClCompile Include="src\zaf\graphic\text\word_wrapping.cpp">
      <Filter>zaf\graphic\text</Filter>
    </ClCompile>
    <ClCompile Include="src\zaf\window\initial_rect_style.cpp">
      <Filter>zaf\window</Filter>
    </ClCompile>
    <ClCompile Include="src\zaf\window\activate_option.cpp">
      <Filter>zaf\window</Filter>
    </ClCompile>
    <ClCompile Include="src\zaf\control\layout\layout_direction.cpp">
      <Filter>zaf\control\layout</Filter>
    </ClCompile>
    <ClCompile Include="src\zaf\control\layout\axis_alignment.cpp">
      <Filter>zaf\control\layout</Filter>
    </ClCompile>
    <ClCompile Include="src\zaf\graphic\font\font_weight.cpp">
      <Filter>zaf\graphic\font</Filter>
    </ClCompile>
    <ClCompile Include="src\zaf\object\parsing\internal\utility.cpp">
      <Filter>zaf\object\parsing\internal</Filter>
    </ClCompile>
    <ClCompile Include="src\zaf\object\internal\reflection_manager.cpp">
      <Filter>zaf\object\internal</Filter>
    </ClCompile>
    <ClCompile Include="src\zaf\base\error\basic_error.cpp">
      <Filter>zaf\base\error</Filter>
    </ClCompile>
    <ClCompile Include="src\zaf\object\creation.cpp">
      <Filter>zaf\object</Filter>
    </ClCompile>
    <ClCompile Include="src\zaf\window\tooltip_window.cpp">
      <Filter>zaf\window</Filter>
    </ClCompile>
    <ClCompile Include="src\zaf\resource\internal\default_uri_loader.cpp">
      <Filter>zaf\resource\internal</Filter>
    </ClCompile>
    <ClCompile Include="src\zaf\control\internal\image_box\uri_image_player.cpp">
      <Filter>zaf\control\internal\image_box</Filter>
    </ClCompile>
    <ClCompile Include="src\zaf\control\internal\image_box\image_player_factory.cpp">
      <Filter>zaf\control\internal\image_box</Filter>
    </ClCompile>
    <ClCompile Include="src\zaf\window\internal\window_class_registry.cpp">
      <Filter>zaf\window\internal</Filter>
    </ClCompile>
    <ClCompile Include="src\zaf\base\registry\registry_value.cpp">
      <Filter>zaf\base\registry</Filter>
    </ClCompile>
    <ClCompile Include="src\zaf\graphic\interpolation_mode.cpp">
      <Filter>zaf\graphic</Filter>
    </ClCompile>
    <ClCompile Include="src\zaf\control\property_grid.cpp">
      <Filter>zaf\control</Filter>
    </ClCompile>
    <ClCompile Include="src\zaf\control\internal\list_control\list_control_fixed_item_height_strategy.cpp">
      <Filter>zaf\control\internal\list_control</Filter>
    </ClCompile>
    <ClCompile Include="src\zaf\control\internal\list_control\list_control_item_height_strategy.cpp">
      <Filter>zaf\control\internal\list_control</Filter>
    </ClCompile>
    <ClCompile Include="src\zaf\control\internal\list_control\list_control_variable_item_height_strategy.cpp">
      <Filter>zaf\control\internal\list_control</Filter>
    </ClCompile>
    <ClCompile Include="src\zaf\control\property_grid\type_config_factory.cpp">
      <Filter>zaf\control\property_grid</Filter>
    </ClCompile>
    <ClCompile Include="src\zaf\control\property_grid\type_config.cpp">
      <Filter>zaf\control\property_grid</Filter>
    </ClCompile>
    <ClCompile Include="src\zaf\control\property_grid\value_view.cpp">
      <Filter>zaf\control\property_grid</Filter>
    </ClCompile>
    <ClCompile Include="src\zaf\control\property_grid\text_value_view.cpp">
      <Filter>zaf\control\property_grid</Filter>
    </ClCompile>
    <ClCompile Include="src\zaf\control\property_grid\internal\item.cpp">
      <Filter>zaf\control\property_grid\internal</Filter>
    </ClCompile>
    <ClCompile Include="src\zaf\control\property_grid\internal\split_distance_manager.cpp">
      <Filter>zaf\control\property_grid\internal</Filter>
    </ClCompile>
    <ClCompile Include="src\zaf\control\property_grid\internal\data_source.cpp">
      <Filter>zaf\control\property_grid\internal</Filter>
    </ClCompile>
    <ClCompile Include="src\zaf\control\property_grid\internal\delegate.cpp">
      <Filter>zaf\control\property_grid\internal</Filter>
    </ClCompile>
    <ClCompile Include="src\zaf\control\property_grid\size_config.cpp">
      <Filter>zaf\control\property_grid</Filter>
    </ClCompile>
    <ClCompile Include="src\zaf\control\property_grid\rect_config.cpp">
      <Filter>zaf\control\property_grid</Filter>
    </ClCompile>
    <ClCompile Include="src\zaf\control\property_grid\control_config.cpp">
      <Filter>zaf\control\property_grid</Filter>
    </ClCompile>
    <ClCompile Include="src\zaf\control\property_grid\frame_config.cpp">
      <Filter>zaf\control\property_grid</Filter>
    </ClCompile>
    <ClCompile Include="src\zaf\control\property_grid\color_config.cpp">
      <Filter>zaf\control\property_grid</Filter>
    </ClCompile>
    <ClCompile Include="src\zaf\control\property_grid\enum_value_view.cpp">
      <Filter>zaf\control\property_grid</Filter>
    </ClCompile>
    <ClCompile Include="src\zaf\control\property_grid\bool_value_view.cpp">
      <Filter>zaf\control\property_grid</Filter>
    </ClCompile>
    <ClCompile Include="src\zaf\control\property_grid\property_table.cpp">
      <Filter>zaf\control\property_grid</Filter>
    </ClCompile>
    <ClCompile Include="src\zaf\control\property_grid\property_list.cpp">
      <Filter>zaf\control\property_grid</Filter>
    </ClCompile>
    <ClCompile Include="src\zaf\control\property_grid\internal\data.cpp">
      <Filter>zaf\control\property_grid\internal</Filter>
    </ClCompile>
    <ClCompile Include="src\zaf\control\property_grid\internal\expanded_node_visitor.cpp">
      <Filter>zaf\control\property_grid\internal</Filter>
    </ClCompile>
    <ClCompile Include="src\zaf\control\property_grid\color_value_view.cpp">
      <Filter>zaf\control\property_grid</Filter>
    </ClCompile>
    <ClCompile Include="src\zaf\control\property_grid\editable_value_view.cpp">
      <Filter>zaf\control\property_grid</Filter>
    </ClCompile>
    <ClCompile Include="src\zaf\control\caret.cpp">
      <Filter>zaf\control</Filter>
    </ClCompile>
    <ClCompile Include="src\zaf\control\tree_item_container.cpp">
      <Filter>zaf\control</Filter>
    </ClCompile>
    <ClCompile Include="src\zaf\control\property_grid\textual_control_config.cpp">
      <Filter>zaf\control\property_grid</Filter>
    </ClCompile>
    <ClCompile Include="src\zaf\control\event\double_click_info.cpp">
      <Filter>zaf\control\event</Filter>
    </ClCompile>
    <ClCompile Include="src\zaf\control\event\parent_changed_info.cpp">
      <Filter>zaf\control\event</Filter>
    </ClCompile>
    <ClCompile Include="src\zaf\control\event\rect_changed_info.cpp">
      <Filter>zaf\control\event</Filter>
    </ClCompile>
    <ClCompile Include="src\zaf\control\event\mouse_event_info.cpp">
      <Filter>zaf\control\event</Filter>
    </ClCompile>
    <ClCompile Include="src\zaf\control\event\keyboard_event_info.cpp">
      <Filter>zaf\control\event</Filter>
    </ClCompile>
    <ClCompile Include="src\zaf\control\event\focus_event_info.cpp">
      <Filter>zaf\control\event</Filter>
    </ClCompile>
    <ClCompile Include="src\zaf\control\event\click_info.cpp">
      <Filter>zaf\control\event</Filter>
    </ClCompile>
    <ClCompile Include="src\zaf\control\event\text_changed_info.cpp">
      <Filter>zaf\control\event</Filter>
    </ClCompile>
    <ClCompile Include="src\zaf\control\event\check_state_changed_info.cpp">
      <Filter>zaf\control\event</Filter>
    </ClCompile>
    <ClCompile Include="src\zaf\control\event\combo_box_selection_changed_info.cpp">
      <Filter>zaf\control\event</Filter>
    </ClCompile>
    <ClCompile Include="src\zaf\control\event\scroll_bar_arrow_event_info.cpp">
      <Filter>zaf\control\event</Filter>
    </ClCompile>
    <ClCompile Include="src\zaf\control\arrow_direction.cpp">
      <Filter>zaf\control</Filter>
    </ClCompile>
    <ClCompile Include="src\zaf\control\event\scroll_bar_scroll_info.cpp">
      <Filter>zaf\control\event</Filter>
    </ClCompile>
    <ClCompile Include="src\zaf\control\event\scroll_bar_thumb_event_info.cpp">
      <Filter>zaf\control\event</Filter>
    </ClCompile>
    <ClCompile Include="src\zaf\control\event\split_distance_changed_info.cpp">
      <Filter>zaf\control\event</Filter>
    </ClCompile>
    <ClCompile Include="src\zaf\control\event\split_bar_event_info.cpp">
      <Filter>zaf\control\event</Filter>
    </ClCompile>
    <ClCompile Include="src\zaf\window\event\message_received_info.cpp">
      <Filter>zaf\window\event</Filter>
    </ClCompile>
    <ClCompile Include="src\zaf\window\event\message_handled_info.cpp">
      <Filter>zaf\window\event</Filter>
    </ClCompile>
    <ClCompile Include="src\zaf\window\event\destroyed_info.cpp">
      <Filter>zaf\window\event</Filter>
    </ClCompile>
    <ClCompile Include="src\zaf\window\event\closing_info.cpp">
      <Filter>zaf\window\event</Filter>
    </ClCompile>
    <ClCompile Include="src\zaf\window\event\handle_created_info.cpp">
      <Filter>zaf\window\event</Filter>
    </ClCompile>
    <ClCompile Include="src\zaf\window\event\show_window_event_info.cpp">
      <Filter>zaf\window\event</Filter>
    </ClCompile>
    <ClCompile Include="src\zaf\window\event\window_focus_event_info.cpp">
      <Filter>zaf\window\event</Filter>
    </ClCompile>
    <ClCompile Include="src\zaf\control\event\list_control_selection_changed_info.cpp">
      <Filter>zaf\control\event</Filter>
    </ClCompile>
    <ClCompile Include="src\zaf\control\event\list_control_item_double_click_info.cpp">
      <Filter>zaf\control\event</Filter>
    </ClCompile>
  </ItemGroup>
  <ItemGroup>
    <ClInclude Include="src\zaf\application.h">
      <Filter>zaf</Filter>
    </ClInclude>
    <ClInclude Include="src\zaf\base\timer.h">
      <Filter>zaf\base</Filter>
    </ClInclude>
    <ClInclude Include="src\zaf\base\log.h">
      <Filter>zaf\base</Filter>
    </ClInclude>
    <ClInclude Include="src\zaf\base\direct2d.h">
      <Filter>zaf\base</Filter>
    </ClInclude>
    <ClInclude Include="src\zaf\window\window.h">
      <Filter>zaf\window</Filter>
    </ClInclude>
    <ClInclude Include="src\zaf\graphic\canvas.h">
      <Filter>zaf\graphic</Filter>
    </ClInclude>
    <ClInclude Include="src\zaf\graphic\color.h">
      <Filter>zaf\graphic</Filter>
    </ClInclude>
    <ClInclude Include="src\zaf\graphic\brush\brush.h">
      <Filter>zaf\graphic\brush</Filter>
    </ClInclude>
    <ClInclude Include="src\zaf\graphic\brush\solid_color_brush.h">
      <Filter>zaf\graphic\brush</Filter>
    </ClInclude>
    <ClInclude Include="src\zaf\graphic\stroke.h">
      <Filter>zaf\graphic</Filter>
    </ClInclude>
    <ClInclude Include="src\zaf\graphic\layer.h">
      <Filter>zaf\graphic</Filter>
    </ClInclude>
    <ClInclude Include="src\zaf\control\control.h">
      <Filter>zaf\control</Filter>
    </ClInclude>
    <ClInclude Include="src\zaf\control\clickable_control.h">
      <Filter>zaf\control</Filter>
    </ClInclude>
    <ClInclude Include="src\zaf\control\button.h">
      <Filter>zaf\control</Filter>
    </ClInclude>
    <ClInclude Include="src\zaf\control\label.h">
      <Filter>zaf\control</Filter>
    </ClInclude>
    <ClInclude Include="src\zaf\control\scrollable_control.h">
      <Filter>zaf\control</Filter>
    </ClInclude>
    <ClInclude Include="src\zaf\control\text_box.h">
      <Filter>zaf\control</Filter>
    </ClInclude>
    <ClInclude Include="src\zaf\control\check_box.h">
      <Filter>zaf\control</Filter>
    </ClInclude>
    <ClInclude Include="src\zaf\base\flag_enum.h">
      <Filter>zaf\base</Filter>
    </ClInclude>
    <ClInclude Include="src\zaf\control\anchor.h">
      <Filter>zaf\control</Filter>
    </ClInclude>
    <ClInclude Include="src\zaf\graphic\text\text_format.h">
      <Filter>zaf\graphic\text</Filter>
    </ClInclude>
    <ClInclude Include="src\zaf\graphic\text\text_alignment.h">
      <Filter>zaf\graphic\text</Filter>
    </ClInclude>
    <ClInclude Include="src\zaf\graphic\text\paragraph_alignment.h">
      <Filter>zaf\graphic\text</Filter>
    </ClInclude>
    <ClInclude Include="src\zaf\graphic\text\word_wrapping.h">
      <Filter>zaf\graphic\text</Filter>
    </ClInclude>
    <ClInclude Include="src\zaf\graphic\geometry\geometry.h">
      <Filter>zaf\graphic\geometry</Filter>
    </ClInclude>
    <ClInclude Include="src\zaf\graphic\geometry\path_geometry.h">
      <Filter>zaf\graphic\geometry</Filter>
    </ClInclude>
    <ClInclude Include="src\zaf\graphic\geometry\geometry_sink.h">
      <Filter>zaf\graphic\geometry</Filter>
    </ClInclude>
    <ClInclude Include="src\zaf\graphic\stroke_properties.h">
      <Filter>zaf\graphic</Filter>
    </ClInclude>
    <ClInclude Include="src\zaf\graphic\text\text_format_properties.h">
      <Filter>zaf\graphic\text</Filter>
    </ClInclude>
    <ClInclude Include="src\zaf\control\check_state.h">
      <Filter>zaf\control</Filter>
    </ClInclude>
    <ClInclude Include="src\zaf\graphic\font\font_collection.h">
      <Filter>zaf\graphic\font</Filter>
    </ClInclude>
    <ClInclude Include="src\zaf\graphic\font\font_family.h">
      <Filter>zaf\graphic\font</Filter>
    </ClInclude>
    <ClInclude Include="src\zaf\graphic\font\font_style.h">
      <Filter>zaf\graphic\font</Filter>
    </ClInclude>
    <ClInclude Include="src\zaf\graphic\font\font_weight.h">
      <Filter>zaf\graphic\font</Filter>
    </ClInclude>
    <ClInclude Include="src\zaf\graphic\font\font.h">
      <Filter>zaf\graphic\font</Filter>
    </ClInclude>
    <ClInclude Include="src\zaf\graphic\font\font_face.h">
      <Filter>zaf\graphic\font</Filter>
    </ClInclude>
    <ClInclude Include="src\zaf\graphic\text\text_layout.h">
      <Filter>zaf\graphic\text</Filter>
    </ClInclude>
    <ClInclude Include="src\zaf\graphic\text\text_range.h">
      <Filter>zaf\graphic\text</Filter>
    </ClInclude>
    <ClInclude Include="src\zaf\graphic\text\text_layout_properties.h">
      <Filter>zaf\graphic\text</Filter>
    </ClInclude>
    <ClInclude Include="src\zaf\graphic\text\line_metrics.h">
      <Filter>zaf\graphic\text</Filter>
    </ClInclude>
    <ClInclude Include="src\zaf\graphic\text\text_metrics.h">
      <Filter>zaf\graphic\text</Filter>
    </ClInclude>
    <ClInclude Include="src\zaf\control\radio_button.h">
      <Filter>zaf\control</Filter>
    </ClInclude>
    <ClInclude Include="src\zaf\graphic\point.h">
      <Filter>zaf\graphic</Filter>
    </ClInclude>
    <ClInclude Include="src\zaf\graphic\rect.h">
      <Filter>zaf\graphic</Filter>
    </ClInclude>
    <ClInclude Include="src\zaf\graphic\size.h">
      <Filter>zaf\graphic</Filter>
    </ClInclude>
    <ClInclude Include="src\zaf\graphic\ellipse.h">
      <Filter>zaf\graphic</Filter>
    </ClInclude>
    <ClInclude Include="src\zaf\control\layout\layouter.h">
      <Filter>zaf\control\layout</Filter>
    </ClInclude>
    <ClInclude Include="src\zaf\control\layout\anchor_layouter.h">
      <Filter>zaf\control\layout</Filter>
    </ClInclude>
    <ClInclude Include="src\zaf\control\color_picker.h">
      <Filter>zaf\control</Filter>
    </ClInclude>
    <ClInclude Include="src\zaf\control\textual_control.h">
      <Filter>zaf\control</Filter>
    </ClInclude>
    <ClInclude Include="src\zaf\control\self_scrolling_control.h">
      <Filter>zaf\control</Filter>
    </ClInclude>
    <ClInclude Include="src\zaf\graphic\geometry\rectangle_geometry.h">
      <Filter>zaf\graphic\geometry</Filter>
    </ClInclude>
    <ClInclude Include="src\zaf\control\text_validator.h">
      <Filter>zaf\control</Filter>
    </ClInclude>
    <ClInclude Include="src\zaf\window\message\message.h">
      <Filter>zaf\window\message</Filter>
    </ClInclude>
    <ClInclude Include="src\zaf\window\message\mouse_message.h">
      <Filter>zaf\window\message</Filter>
    </ClInclude>
    <ClInclude Include="src\zaf\base\define.h">
      <Filter>zaf\base</Filter>
    </ClInclude>
    <ClInclude Include="src\zaf\creation.h">
      <Filter>zaf</Filter>
    </ClInclude>
    <ClInclude Include="src\zaf\window\dialog_result.h">
      <Filter>zaf\window</Filter>
    </ClInclude>
    <ClInclude Include="src\zaf\window\dialog.h">
      <Filter>zaf\window</Filter>
    </ClInclude>
    <ClInclude Include="src\zaf\base\event_utility.h">
      <Filter>zaf\base</Filter>
    </ClInclude>
    <ClInclude Include="src\zaf\internal\theme.h">
      <Filter>zaf\internal</Filter>
    </ClInclude>
    <ClInclude Include="src\zaf\internal\paint_utility.h">
      <Filter>zaf\internal</Filter>
    </ClInclude>
    <ClInclude Include="src\zaf\graphic\matrix.h">
      <Filter>zaf\graphic</Filter>
    </ClInclude>
    <ClInclude Include="src\zaf\graphic\geometry\transformed_geometry.h">
      <Filter>zaf\graphic\geometry</Filter>
    </ClInclude>
    <ClInclude Include="src\zaf\graphic\graphic_factory.h">
      <Filter>zaf\graphic</Filter>
    </ClInclude>
    <ClInclude Include="src\zaf\internal\tab_stop_utility.h">
      <Filter>zaf\internal</Filter>
    </ClInclude>
    <ClInclude Include="src\zaf\graphic\layer_parameters.h">
      <Filter>zaf\graphic</Filter>
    </ClInclude>
    <ClInclude Include="src\zaf\window\message\keyboard_message.h">
      <Filter>zaf\window\message</Filter>
    </ClInclude>
    <ClInclude Include="src\zaf\base\string\to_string.h">
      <Filter>zaf\base\string</Filter>
    </ClInclude>
    <ClInclude Include="src\zaf\base\string\to_numeric.h">
      <Filter>zaf\base\string</Filter>
    </ClInclude>
    <ClInclude Include="src\zaf\graphic\frame.h">
      <Filter>zaf\graphic</Filter>
    </ClInclude>
    <ClInclude Include="src\zaf\internal\message_loop.h">
      <Filter>zaf\internal</Filter>
    </ClInclude>
    <ClInclude Include="src\zaf\config.h">
      <Filter>zaf</Filter>
    </ClInclude>
    <ClInclude Include="src\zaf\control\combo_box.h">
      <Filter>zaf\control</Filter>
    </ClInclude>
    <ClInclude Include="src\zaf\control\list_control.h">
      <Filter>zaf\control</Filter>
    </ClInclude>
    <ClInclude Include="src\zaf\control\internal\combo_box_drop_down_window.h">
      <Filter>zaf\control\internal</Filter>
    </ClInclude>
    <ClInclude Include="src\zaf\control\split_control.h">
      <Filter>zaf\control</Filter>
    </ClInclude>
    <ClInclude Include="src\zaf\base\relation_operator.h">
      <Filter>zaf\base</Filter>
    </ClInclude>
    <ClInclude Include="src\zaf\graphic\localized_strings.h">
      <Filter>zaf\graphic</Filter>
    </ClInclude>
    <ClInclude Include="src\zaf\internal\enumerator.h">
      <Filter>zaf\internal</Filter>
    </ClInclude>
    <ClInclude Include="src\zaf\control\image_box.h">
      <Filter>zaf\control</Filter>
    </ClInclude>
    <ClInclude Include="src\zaf\base\com_object.h">
      <Filter>zaf\base</Filter>
    </ClInclude>
    <ClInclude Include="src\zaf\graphic\brush\bitmap_brush.h">
      <Filter>zaf\graphic\brush</Filter>
    </ClInclude>
    <ClInclude Include="src\zaf\control\internal\range_map.h">
      <Filter>zaf\control\internal</Filter>
    </ClInclude>
    <ClInclude Include="src\zaf\graphic\rounded_rect.h">
      <Filter>zaf\graphic</Filter>
    </ClInclude>
    <ClInclude Include="src\zaf\graphic\geometry\rounded_rectangle_geometry.h">
      <Filter>zaf\graphic\geometry</Filter>
    </ClInclude>
    <ClInclude Include="src\zaf\graphic\image\gif_metadata_querier.h">
      <Filter>zaf\graphic\image</Filter>
    </ClInclude>
    <ClInclude Include="src\zaf\control\internal\image_box\image_player.h">
      <Filter>zaf\control\internal\image_box</Filter>
    </ClInclude>
    <ClInclude Include="src\zaf\control\internal\image_box\static_image_player.h">
      <Filter>zaf\control\internal\image_box</Filter>
    </ClInclude>
    <ClInclude Include="src\zaf\control\internal\image_box\gif_player.h">
      <Filter>zaf\control\internal\image_box</Filter>
    </ClInclude>
    <ClInclude Include="src\zaf\graphic\renderer\renderer.h">
      <Filter>zaf\graphic\renderer</Filter>
    </ClInclude>
    <ClInclude Include="src\zaf\graphic\renderer\window_renderer.h">
      <Filter>zaf\graphic\renderer</Filter>
    </ClInclude>
    <ClInclude Include="src\zaf\graphic\renderer\bitmap_renderer.h">
      <Filter>zaf\graphic\renderer</Filter>
    </ClInclude>
    <ClInclude Include="src\zaf\graphic\renderer\create_compatible_renderer_options.h">
      <Filter>zaf\graphic\renderer</Filter>
    </ClInclude>
    <ClInclude Include="src\zaf\graphic\renderer\antialias_mode.h">
      <Filter>zaf\graphic\renderer</Filter>
    </ClInclude>
    <ClInclude Include="src\zaf\graphic\pixel_properties.h">
      <Filter>zaf\graphic</Filter>
    </ClInclude>
    <ClInclude Include="src\zaf\graphic\renderer\renderer_properties.h">
      <Filter>zaf\graphic\renderer</Filter>
    </ClInclude>
    <ClInclude Include="src\zaf\graphic\pixel_format.h">
      <Filter>zaf\graphic</Filter>
    </ClInclude>
    <ClInclude Include="src\zaf\graphic\bitmap_properties.h">
      <Filter>zaf\graphic</Filter>
    </ClInclude>
    <ClInclude Include="src\zaf\graphic\interpolation_mode.h">
      <Filter>zaf\graphic</Filter>
    </ClInclude>
    <ClInclude Include="src\zaf\graphic\text\text_inline_object.h">
      <Filter>zaf\graphic\text</Filter>
    </ClInclude>
    <ClInclude Include="src\zaf\graphic\text\text_trimming.h">
      <Filter>zaf\graphic\text</Filter>
    </ClInclude>
    <ClInclude Include="src\zaf\control\internal\scrollable_control\general_scrolling_layouter.h">
      <Filter>zaf\control\internal\scrollable_control</Filter>
    </ClInclude>
    <ClInclude Include="src\zaf\control\internal\scrollable_control\scrollable_control_layouter.h">
      <Filter>zaf\control\internal\scrollable_control</Filter>
    </ClInclude>
    <ClInclude Include="src\zaf\control\internal\scrollable_control\self_scrolling_layouter.h">
      <Filter>zaf\control\internal\scrollable_control</Filter>
    </ClInclude>
    <ClInclude Include="src\zaf\serialization\properties.h">
      <Filter>zaf\serialization</Filter>
    </ClInclude>
    <ClInclude Include="src\zaf\base\stream.h">
      <Filter>zaf\base</Filter>
    </ClInclude>
    <ClInclude Include="src\zaf\serialization\property_map.h">
      <Filter>zaf\serialization</Filter>
    </ClInclude>
    <ClInclude Include="src\zaf\base\number.h">
      <Filter>zaf\base</Filter>
    </ClInclude>
    <ClInclude Include="src\zaf\base\string\encoding_conversion.h">
      <Filter>zaf\base\string</Filter>
    </ClInclude>
    <ClInclude Include="src\precompiled.h" />
    <ClInclude Include="src\zaf\base\string\case_conversion.h">
      <Filter>zaf\base\string</Filter>
    </ClInclude>
    <ClInclude Include="src\zaf\base\container\utility\contain.h">
      <Filter>zaf\base\container\utility</Filter>
    </ClInclude>
    <ClInclude Include="src\zaf\base\container\utility\erase.h">
      <Filter>zaf\base\container\utility</Filter>
    </ClInclude>
    <ClInclude Include="src\zaf\base\container\utility\find.h">
      <Filter>zaf\base\container\utility</Filter>
    </ClInclude>
    <ClInclude Include="src\zaf\base\container\utility\sort.h">
      <Filter>zaf\base\container\utility</Filter>
    </ClInclude>
    <ClInclude Include="src\zaf\base\container\utility\unique.h">
      <Filter>zaf\base\container\utility</Filter>
    </ClInclude>
    <ClInclude Include="src\zaf\base\container\utility\classify.h">
      <Filter>zaf\base\container\utility</Filter>
    </ClInclude>
    <ClInclude Include="src\zaf\base\container\utility\map.h">
      <Filter>zaf\base\container\utility</Filter>
    </ClInclude>
    <ClInclude Include="src\zaf\base\container\utility\append.h">
      <Filter>zaf\base\container\utility</Filter>
    </ClInclude>
    <ClInclude Include="src\zaf\base\container\utility\conversion.h">
      <Filter>zaf\base\container\utility</Filter>
    </ClInclude>
    <ClInclude Include="src\zaf\base\container\utility\intersect.h">
      <Filter>zaf\base\container\utility</Filter>
    </ClInclude>
    <ClInclude Include="src\zaf\base\container\utility\union.h">
      <Filter>zaf\base\container\utility</Filter>
    </ClInclude>
    <ClInclude Include="src\zaf\base\container\utility\differ.h">
      <Filter>zaf\base\container\utility</Filter>
    </ClInclude>
    <ClInclude Include="src\zaf\window\message\hit_test_message.h">
      <Filter>zaf\window\message</Filter>
    </ClInclude>
    <ClInclude Include="src\zaf\window\message\internal\mouse_position_conversion.h">
      <Filter>zaf\window\message\internal</Filter>
    </ClInclude>
    <ClInclude Include="src\zaf\window\message\hit_test_result.h">
      <Filter>zaf\window\message</Filter>
    </ClInclude>
    <ClInclude Include="src\zaf\graphic\alignment.h">
      <Filter>zaf\graphic</Filter>
    </ClInclude>
    <ClInclude Include="src\zaf\graphic\internal\alignment_helper.h">
      <Filter>zaf\graphic\internal</Filter>
    </ClInclude>
    <ClInclude Include="src\zaf\base\string\split.h">
      <Filter>zaf\base\string</Filter>
    </ClInclude>
    <ClInclude Include="src\zaf\base\registry\registry.h">
      <Filter>zaf\base\registry</Filter>
    </ClInclude>
    <ClInclude Include="src\zaf\base\registry\registry_key.h">
      <Filter>zaf\base\registry</Filter>
    </ClInclude>
    <ClInclude Include="src\zaf\base\registry\registry_rights.h">
      <Filter>zaf\base\registry</Filter>
    </ClInclude>
    <ClInclude Include="src\zaf\base\handle.h">
      <Filter>zaf\base</Filter>
    </ClInclude>
    <ClInclude Include="src\zaf\control\layout\linear_layouter.h">
      <Filter>zaf\control\layout</Filter>
    </ClInclude>
    <ClInclude Include="src\zaf\control\layout\layout_direction.h">
      <Filter>zaf\control\layout</Filter>
    </ClInclude>
    <ClInclude Include="src\zaf\control\layout\axis_alignment.h">
      <Filter>zaf\control\layout</Filter>
    </ClInclude>
    <ClInclude Include="src\zaf\control\layout\internal\linear_layout_length_calculating.h">
      <Filter>zaf\control\layout\internal</Filter>
    </ClInclude>
    <ClInclude Include="src\zaf\graphic\image\wic\bitmap_source.h">
      <Filter>zaf\graphic\image\wic</Filter>
    </ClInclude>
    <ClInclude Include="src\zaf\graphic\image\wic\bitmap.h">
      <Filter>zaf\graphic\image\wic</Filter>
    </ClInclude>
    <ClInclude Include="src\zaf\graphic\image\wic\bitmap_scaler.h">
      <Filter>zaf\graphic\image\wic</Filter>
    </ClInclude>
    <ClInclude Include="src\zaf\graphic\image\wic\stream.h">
      <Filter>zaf\graphic\image\wic</Filter>
    </ClInclude>
    <ClInclude Include="src\zaf\graphic\image\wic\pixel_format.h">
      <Filter>zaf\graphic\image\wic</Filter>
    </ClInclude>
    <ClInclude Include="src\zaf\graphic\image\wic\metadata_query_reader.h">
      <Filter>zaf\graphic\image\wic</Filter>
    </ClInclude>
    <ClInclude Include="src\zaf\graphic\image\wic\bitmap_decoder.h">
      <Filter>zaf\graphic\image\wic</Filter>
    </ClInclude>
    <ClInclude Include="src\zaf\graphic\image\wic\container_format.h">
      <Filter>zaf\graphic\image\wic</Filter>
    </ClInclude>
    <ClInclude Include="src\zaf\graphic\image\wic\bitmap_decode_frame.h">
      <Filter>zaf\graphic\image\wic</Filter>
    </ClInclude>
    <ClInclude Include="src\zaf\graphic\image\wic\palette.h">
      <Filter>zaf\graphic\image\wic</Filter>
    </ClInclude>
    <ClInclude Include="src\zaf\graphic\render_bitmap.h">
      <Filter>zaf\graphic</Filter>
    </ClInclude>
    <ClInclude Include="src\zaf\graphic\image\wic\imaging_factory.h">
      <Filter>zaf\graphic\image\wic</Filter>
    </ClInclude>
    <ClInclude Include="src\zaf\graphic\image\image.h">
      <Filter>zaf\graphic\image</Filter>
    </ClInclude>
    <ClInclude Include="src\zaf\graphic\image\internal\wic_bitmap.h">
      <Filter>zaf\graphic\image\internal</Filter>
    </ClInclude>
    <ClInclude Include="src\zaf\control\image_picker.h">
      <Filter>zaf\control</Filter>
    </ClInclude>
    <ClInclude Include="src\zaf\control\image_layout.h">
      <Filter>zaf\control</Filter>
    </ClInclude>
    <ClInclude Include="src\zaf\control\internal\image_box\image_drawing.h">
      <Filter>zaf\control\internal\image_box</Filter>
    </ClInclude>
    <ClInclude Include="src\zaf\graphic\image\uri_image.h">
      <Filter>zaf\graphic\image</Filter>
    </ClInclude>
    <ClInclude Include="src\zaf\resource\uri_loader.h">
      <Filter>zaf\resource</Filter>
    </ClInclude>
    <ClInclude Include="src\zaf\resource\resource_factory.h">
      <Filter>zaf\resource</Filter>
    </ClInclude>
    <ClInclude Include="src\zaf\resource\internal\uri_parsing.h">
      <Filter>zaf\resource\internal</Filter>
    </ClInclude>
    <ClInclude Include="src\zaf\graphic\image\internal\utility.h">
      <Filter>zaf\graphic\image\internal</Filter>
    </ClInclude>
    <ClInclude Include="src\zaf\base\error\com_error.h">
      <Filter>zaf\base\error</Filter>
    </ClInclude>
    <ClInclude Include="src\zaf\base\error\error.h">
      <Filter>zaf\base\error</Filter>
    </ClInclude>
    <ClInclude Include="src\zaf\base\error\system_error.h">
      <Filter>zaf\base\error</Filter>
    </ClInclude>
    <ClInclude Include="src\zaf\base\source_site.h">
      <Filter>zaf\base</Filter>
    </ClInclude>
    <ClInclude Include="src\zaf\base\container\utility\range.h">
      <Filter>zaf\base\container\utility</Filter>
    </ClInclude>
    <ClInclude Include="src\zaf\base\error\check.h">
      <Filter>zaf\base\error</Filter>
    </ClInclude>
    <ClInclude Include="src\zaf\control\linear_box.h">
      <Filter>zaf\control</Filter>
    </ClInclude>
    <ClInclude Include="src\zaf\control\tree_control.h">
      <Filter>zaf\control</Filter>
    </ClInclude>
    <ClInclude Include="src\zaf\control\list_data_source.h">
      <Filter>zaf\control</Filter>
    </ClInclude>
    <ClInclude Include="src\zaf\control\list_item.h">
      <Filter>zaf\control</Filter>
    </ClInclude>
    <ClInclude Include="src\zaf\control\list_control_delegate.h">
      <Filter>zaf\control</Filter>
    </ClInclude>
    <ClInclude Include="src\zaf\control\list_box.h">
      <Filter>zaf\control</Filter>
    </ClInclude>
    <ClInclude Include="src\zaf\control\list_box_data_source.h">
      <Filter>zaf\control</Filter>
    </ClInclude>
    <ClInclude Include="src\zaf\object\object.h">
      <Filter>zaf\object</Filter>
    </ClInclude>
    <ClInclude Include="src\zaf\control\list_box_delegate.h">
      <Filter>zaf\control</Filter>
    </ClInclude>
    <ClInclude Include="src\zaf\control\tree_data_source.h">
      <Filter>zaf\control</Filter>
    </ClInclude>
    <ClInclude Include="src\zaf\control\internal\list_control\list_control_extended_multiple_select_strategy.h">
      <Filter>zaf\control\internal\list_control</Filter>
    </ClInclude>
    <ClInclude Include="src\zaf\control\internal\list_control\list_control_item_height_manager.h">
      <Filter>zaf\control\internal\list_control</Filter>
    </ClInclude>
    <ClInclude Include="src\zaf\control\internal\list_control\list_control_item_selection_manager.h">
      <Filter>zaf\control\internal\list_control</Filter>
    </ClInclude>
    <ClInclude Include="src\zaf\control\internal\list_control\list_control_select_strategy.h">
      <Filter>zaf\control\internal\list_control</Filter>
    </ClInclude>
    <ClInclude Include="src\zaf\control\internal\list_control\list_control_simple_multiple_select_strategy.h">
      <Filter>zaf\control\internal\list_control</Filter>
    </ClInclude>
    <ClInclude Include="src\zaf\control\internal\list_control\list_control_single_select_strategy.h">
      <Filter>zaf\control\internal\list_control</Filter>
    </ClInclude>
    <ClInclude Include="src\zaf\control\internal\range_manager.h">
      <Filter>zaf\control\internal</Filter>
    </ClInclude>
    <ClInclude Include="src\zaf\control\selection_mode.h">
      <Filter>zaf\control</Filter>
    </ClInclude>
    <ClInclude Include="src\zaf\control\internal\list_control\list_control_implementation.h">
      <Filter>zaf\control\internal\list_control</Filter>
    </ClInclude>
    <ClInclude Include="src\zaf\control\list_item_container.h">
      <Filter>zaf\control</Filter>
    </ClInclude>
    <ClInclude Include="src\zaf\control\tree_item.h">
      <Filter>zaf\control</Filter>
    </ClInclude>
    <ClInclude Include="src\zaf\control\tree_control_delegate.h">
      <Filter>zaf\control</Filter>
    </ClInclude>
    <ClInclude Include="src\zaf\control\internal\tree_control\tree_control_implementation.h">
      <Filter>zaf\control\internal\tree_control</Filter>
    </ClInclude>
    <ClInclude Include="src\zaf\control\tree_item_expand_button.h">
      <Filter>zaf\control</Filter>
    </ClInclude>
    <ClInclude Include="src\zaf\control\internal\triangle_geometry.h">
      <Filter>zaf\control\internal</Filter>
    </ClInclude>
    <ClInclude Include="src\zaf\control\expand_state.h">
      <Filter>zaf\control</Filter>
    </ClInclude>
    <ClInclude Include="src\zaf\control\internal\cached_painting.h">
      <Filter>zaf\control\internal</Filter>
    </ClInclude>
    <ClInclude Include="src\zaf\base\container\utility\copy.h">
      <Filter>zaf\base\container\utility</Filter>
    </ClInclude>
    <ClInclude Include="src\zaf\control\internal\tree_control\utility.h">
      <Filter>zaf\control\internal\tree_control</Filter>
    </ClInclude>
    <ClInclude Include="src\zaf\rx\observable.h">
      <Filter>zaf\rx</Filter>
    </ClInclude>
    <ClInclude Include="src\zaf\rx\observer.h">
      <Filter>zaf\rx</Filter>
    </ClInclude>
    <ClInclude Include="src\zaf\rx\observer_functions.h">
      <Filter>zaf\rx</Filter>
    </ClInclude>
    <ClInclude Include="src\zaf\rx\subscription.h">
      <Filter>zaf\rx</Filter>
    </ClInclude>
    <ClInclude Include="src\zaf\rx\internal\subject\subject_core.h">
      <Filter>zaf\rx\internal\subject</Filter>
    </ClInclude>
    <ClInclude Include="src\zaf\rx\subject.h">
      <Filter>zaf\rx</Filter>
    </ClInclude>
    <ClInclude Include="src\zaf\rx\internal\subscription\subscription_core.h">
      <Filter>zaf\rx\internal\subscription</Filter>
    </ClInclude>
    <ClInclude Include="src\zaf\rx\subscription_holder.h">
      <Filter>zaf\rx</Filter>
    </ClInclude>
    <ClInclude Include="src\zaf\rx\subscription_host.h">
      <Filter>zaf\rx</Filter>
    </ClInclude>
    <ClInclude Include="src\zaf\object\internal\is_equal_comparable.h">
      <Filter>zaf\object\internal</Filter>
    </ClInclude>
    <ClInclude Include="src\zaf\base\hash.h">
      <Filter>zaf\base</Filter>
    </ClInclude>
    <ClInclude Include="src\zaf\object\equality.h">
      <Filter>zaf\object</Filter>
    </ClInclude>
    <ClInclude Include="src\zaf\control\internal\tree_control\tree_data_helpers.h">
      <Filter>zaf\control\internal\tree_control</Filter>
    </ClInclude>
    <ClInclude Include="src\zaf\control\internal\tree_control\tree_data_manager.h">
      <Filter>zaf\control\internal\tree_control</Filter>
    </ClInclude>
    <ClInclude Include="src\zaf\control\internal\tree_control\tree_index_mapping.h">
      <Filter>zaf\control\internal\tree_control</Filter>
    </ClInclude>
    <ClInclude Include="src\zaf\window\inspector\inspector_window.h">
      <Filter>zaf\window\inspector</Filter>
    </ClInclude>
    <ClInclude Include="src\zaf\window\inspector\internal\inspect_data_source.h">
      <Filter>zaf\window\inspector\internal</Filter>
    </ClInclude>
    <ClInclude Include="src\zaf\window\inspector\internal\inspect_item.h">
      <Filter>zaf\window\inspector\internal</Filter>
    </ClInclude>
    <ClInclude Include="src\zaf\window\inspector\internal\inspect_control_item.h">
      <Filter>zaf\window\inspector\internal</Filter>
    </ClInclude>
    <ClInclude Include="src\zaf\window\inspector\internal\inspector_port.h">
      <Filter>zaf\window\inspector\internal</Filter>
    </ClInclude>
    <ClInclude Include="src\zaf\control\internal\tree_control\tree_node.h">
      <Filter>zaf\control\internal\tree_control</Filter>
    </ClInclude>
    <ClInclude Include="src\zaf\control\internal\tree_control\tree_node_expander.h">
      <Filter>zaf\control\internal\tree_control</Filter>
    </ClInclude>
    <ClInclude Include="src\zaf\control\internal\tree_control\tree_node_children_adder.h">
      <Filter>zaf\control\internal\tree_control</Filter>
    </ClInclude>
    <ClInclude Include="src\zaf\control\scroll_bar_arrow.h">
      <Filter>zaf\control</Filter>
    </ClInclude>
    <ClInclude Include="src\zaf\control\scroll_bar.h">
      <Filter>zaf\control</Filter>
    </ClInclude>
    <ClInclude Include="src\zaf\control\scroll_bar_thumb.h">
      <Filter>zaf\control</Filter>
    </ClInclude>
    <ClInclude Include="src\zaf\rx\internal\thread\run_loop_thread.h">
      <Filter>zaf\rx\internal\thread</Filter>
    </ClInclude>
    <ClInclude Include="src\zaf\rx\internal\thread\thread.h">
      <Filter>zaf\rx\internal\thread</Filter>
    </ClInclude>
    <ClInclude Include="src\zaf\rx\internal\thread\thread_manager.h">
      <Filter>zaf\rx\internal\thread</Filter>
    </ClInclude>
    <ClInclude Include="src\zaf\rx\internal\thread\window_thread.h">
      <Filter>zaf\rx\internal\thread</Filter>
    </ClInclude>
    <ClInclude Include="src\zaf\rx\internal\scheduler\single_thread_scheduler.h">
      <Filter>zaf\rx\internal\scheduler</Filter>
    </ClInclude>
    <ClInclude Include="src\zaf\rx\scheduler.h">
      <Filter>zaf\rx</Filter>
    </ClInclude>
    <ClInclude Include="src\zaf\rx\work.h">
      <Filter>zaf\rx</Filter>
    </ClInclude>
    <ClInclude Include="src\zaf\rx\internal\inner_observer.h">
      <Filter>zaf\rx\internal</Filter>
    </ClInclude>
    <ClInclude Include="src\zaf\rx\internal\subscription\inner_subscription.h">
      <Filter>zaf\rx\internal\subscription</Filter>
    </ClInclude>
    <ClInclude Include="src\zaf\rx\internal\subscription\inner_subscription_holder.h">
      <Filter>zaf\rx\internal\subscription</Filter>
    </ClInclude>
    <ClInclude Include="src\zaf\rx\internal\subject\inner_subject.h">
      <Filter>zaf\rx\internal\subject</Filter>
    </ClInclude>
    <ClInclude Include="src\zaf\rx\internal\operator\subscribe_on_operator.h">
      <Filter>zaf\rx\internal\operator</Filter>
    </ClInclude>
    <ClInclude Include="src\zaf\rx\creation.h">
      <Filter>zaf\rx</Filter>
    </ClInclude>
    <ClInclude Include="src\zaf\rx\internal\observable\customized_observable.h">
      <Filter>zaf\rx\internal\observable</Filter>
    </ClInclude>
    <ClInclude Include="src\zaf\rx\internal\observable\just_observable.h">
      <Filter>zaf\rx\internal\observable</Filter>
    </ClInclude>
    <ClInclude Include="src\zaf\rx\internal\operator\observe_on_operator.h">
      <Filter>zaf\rx\internal\operator</Filter>
    </ClInclude>
    <ClInclude Include="src\zaf\rx\internal\observable\inner_observable.h">
      <Filter>zaf\rx\internal\observable</Filter>
    </ClInclude>
    <ClInclude Include="src\zaf\rx\timer.h">
      <Filter>zaf\rx</Filter>
    </ClInclude>
    <ClInclude Include="src\zaf\rx\internal\rx_runtime.h">
      <Filter>zaf\rx\internal</Filter>
    </ClInclude>
    <ClInclude Include="src\zaf\rx\internal\timer_manager.h">
      <Filter>zaf\rx\internal</Filter>
    </ClInclude>
    <ClInclude Include="src\zaf\rx\internal\observable\timer_observable.h">
      <Filter>zaf\rx\internal\observable</Filter>
    </ClInclude>
    <ClInclude Include="src\zaf\resource\internal\resource_location_parsing.h">
      <Filter>zaf\resource\internal</Filter>
    </ClInclude>
    <ClInclude Include="src\zaf\resource\internal\resource_loader.h">
      <Filter>zaf\resource\internal</Filter>
    </ClInclude>
    <ClInclude Include="src\zaf\base\string\replace.h">
      <Filter>zaf\base\string</Filter>
    </ClInclude>
    <ClInclude Include="src\zaf\control\control_binder.h">
      <Filter>zaf\control</Filter>
    </ClInclude>
    <ClInclude Include="src\zaf\window\message_only_window.h">
      <Filter>zaf\window</Filter>
    </ClInclude>
    <ClInclude Include="src\zaf\base\string\trim.h">
      <Filter>zaf\base\string</Filter>
    </ClInclude>
    <ClInclude Include="src\zaf\internal\system_message_window.h">
      <Filter>zaf\internal</Filter>
    </ClInclude>
    <ClInclude Include="src\zaf\application_event_infos.h">
      <Filter>zaf</Filter>
    </ClInclude>
    <ClInclude Include="src\zaf\application_delegate.h">
      <Filter>zaf</Filter>
    </ClInclude>
    <ClInclude Include="src\zaf\window\internal\inner_message_only_window.h">
      <Filter>zaf\window\internal</Filter>
    </ClInclude>
    <ClInclude Include="src\zaf\rx\cancel.h">
      <Filter>zaf\rx</Filter>
    </ClInclude>
    <ClInclude Include="src\zaf\rx\internal\observable\async_customized_observable.h">
      <Filter>zaf\rx\internal\observable</Filter>
    </ClInclude>
    <ClInclude Include="src\zaf\graphic\geometry\ellipse_geometry.h">
      <Filter>zaf\graphic\geometry</Filter>
    </ClInclude>
    <ClInclude Include="src\zaf\graphic\geometry\arc_segment.h">
      <Filter>zaf\graphic\geometry</Filter>
    </ClInclude>
    <ClInclude Include="src\zaf\control\control_update_guard.h">
      <Filter>zaf\control</Filter>
    </ClInclude>
    <ClInclude Include="src\zaf\control\internal\control_updating.h">
      <Filter>zaf\control\internal</Filter>
    </ClInclude>
    <ClInclude Include="src\zaf\object\type_declaration.h">
      <Filter>zaf\object</Filter>
    </ClInclude>
    <ClInclude Include="src\zaf\object\object_type.h">
      <Filter>zaf\object</Filter>
    </ClInclude>
    <ClInclude Include="src\zaf\object\type_definition.h">
      <Filter>zaf\object</Filter>
    </ClInclude>
    <ClInclude Include="src\zaf\object\object_property.h">
      <Filter>zaf\object</Filter>
    </ClInclude>
    <ClInclude Include="src\zaf\object\property_definition.h">
      <Filter>zaf\object</Filter>
    </ClInclude>
    <ClInclude Include="src\zaf\object\internal\object_initializer.h">
      <Filter>zaf\object\internal</Filter>
    </ClInclude>
    <ClInclude Include="src\zaf\object\internal\property_helper.h">
      <Filter>zaf\object\internal</Filter>
    </ClInclude>
    <ClInclude Include="src\zaf\object\internal\property_registrar.h">
      <Filter>zaf\object\internal</Filter>
    </ClInclude>
    <ClInclude Include="src\zaf\object\boxing\boxed_object.h">
      <Filter>zaf\object\boxing</Filter>
    </ClInclude>
    <ClInclude Include="src\zaf\object\boxing\boxing.h">
      <Filter>zaf\object\boxing</Filter>
    </ClInclude>
    <ClInclude Include="src\zaf\object\boxing\numeric.h">
      <Filter>zaf\object\boxing</Filter>
    </ClInclude>
    <ClInclude Include="src\zaf\object\boxing\string.h">
      <Filter>zaf\object\boxing</Filter>
    </ClInclude>
    <ClInclude Include="src\zaf\object\boxing\internal\boxed_represent.h">
      <Filter>zaf\object\boxing\internal</Filter>
    </ClInclude>
    <ClInclude Include="src\zaf\object\boxing\internal\boxed_represent_equal.h">
      <Filter>zaf\object\boxing\internal</Filter>
    </ClInclude>
    <ClInclude Include="src\zaf\object\boxing\internal\built_in_box_types.h">
      <Filter>zaf\object\boxing\internal</Filter>
    </ClInclude>
    <ClInclude Include="src\zaf\object\boxing\internal\get_box_type.h">
      <Filter>zaf\object\boxing\internal</Filter>
    </ClInclude>
    <ClInclude Include="src\zaf\object\boxing\internal\unboxer.h">
      <Filter>zaf\object\boxing\internal</Filter>
    </ClInclude>
    <ClInclude Include="src\zaf\object\boxing\internal\string_conversion_shim.h">
      <Filter>zaf\object\boxing\internal</Filter>
    </ClInclude>
    <ClInclude Include="src\zaf\object\parsing\helpers.h">
      <Filter>zaf\object\parsing</Filter>
    </ClInclude>
    <ClInclude Include="src\zaf\object\parsing\object_parser.h">
      <Filter>zaf\object\parsing</Filter>
    </ClInclude>
    <ClInclude Include="src\zaf\object\parsing\xaml_node.h">
      <Filter>zaf\object\parsing</Filter>
    </ClInclude>
    <ClInclude Include="src\zaf\object\parsing\xaml_node_parse_helper.h">
      <Filter>zaf\object\parsing</Filter>
    </ClInclude>
    <ClInclude Include="src\zaf\object\parsing\xaml_reader.h">
      <Filter>zaf\object\parsing</Filter>
    </ClInclude>
    <ClInclude Include="src\zaf\object\enum_type.h">
      <Filter>zaf\object</Filter>
    </ClInclude>
    <ClInclude Include="src\zaf\object\enum_declaration.h">
      <Filter>zaf\object</Filter>
    </ClInclude>
    <ClInclude Include="src\zaf\object\enum_definition.h">
      <Filter>zaf\object</Filter>
    </ClInclude>
    <ClInclude Include="src\zaf\object\internal\base_enum_type.h">
      <Filter>zaf\object\internal</Filter>
    </ClInclude>
    <ClInclude Include="src\zaf\object\boxing\boolean.h">
      <Filter>zaf\object\boxing</Filter>
    </ClInclude>
    <ClInclude Include="src\zaf\object\parsing\xaml_utility.h">
      <Filter>zaf\object\parsing</Filter>
    </ClInclude>
    <ClInclude Include="src\zaf\object\internal\enum_parser.h">
      <Filter>zaf\object\internal</Filter>
    </ClInclude>
    <ClInclude Include="src\zaf\object\parsing\internal\default_object_parser.h">
      <Filter>zaf\object\parsing\internal</Filter>
    </ClInclude>
    <ClInclude Include="src\zaf\window\initial_rect_style.h">
      <Filter>zaf\window</Filter>
    </ClInclude>
    <ClInclude Include="src\zaf\window\activate_option.h">
      <Filter>zaf\window</Filter>
    </ClInclude>
    <ClInclude Include="src\zaf\object\parsing\internal\utility.h">
      <Filter>zaf\object\parsing\internal</Filter>
    </ClInclude>
    <ClInclude Include="src\zaf\object\internal\reflection_manager.h">
      <Filter>zaf\object\internal</Filter>
    </ClInclude>
    <ClInclude Include="src\zaf\base\error\basic_error.h">
      <Filter>zaf\base\error</Filter>
    </ClInclude>
    <ClInclude Include="src\zaf\base\as.h">
      <Filter>zaf\base</Filter>
    </ClInclude>
    <ClInclude Include="src\zaf\object\creation.h">
      <Filter>zaf\object</Filter>
    </ClInclude>
    <ClInclude Include="src\zaf\window\message\activate_message.h">
      <Filter>zaf\window\message</Filter>
    </ClInclude>
    <ClInclude Include="src\zaf\window\message\message_shim.h">
      <Filter>zaf\window\message</Filter>
    </ClInclude>
    <ClInclude Include="src\zaf\window\tooltip_window.h">
      <Filter>zaf\window</Filter>
    </ClInclude>
    <ClInclude Include="src\zaf\graphic\dpi.h">
      <Filter>zaf\graphic</Filter>
    </ClInclude>
    <ClInclude Include="src\zaf\object\parsing\xaml_node_builder.h">
      <Filter>zaf\object\parsing</Filter>
    </ClInclude>
    <ClInclude Include="src\zaf\resource\internal\default_uri_loader.h">
      <Filter>zaf\resource\internal</Filter>
    </ClInclude>
    <ClInclude Include="src\zaf\control\internal\image_box\uri_image_player.h">
      <Filter>zaf\control\internal\image_box</Filter>
    </ClInclude>
    <ClInclude Include="src\zaf\control\internal\image_box\image_player_factory.h">
      <Filter>zaf\control\internal\image_box</Filter>
    </ClInclude>
    <ClInclude Include="src\zaf\window\internal\window_class_registry.h">
      <Filter>zaf\window\internal</Filter>
    </ClInclude>
    <ClInclude Include="src\zaf\base\non_copyable.h">
      <Filter>zaf\base</Filter>
    </ClInclude>
    <ClInclude Include="src\zaf\base\none.h">
      <Filter>zaf\base</Filter>
    </ClInclude>
    <ClInclude Include="src\zaf\base\auto_reset_value.h">
      <Filter>zaf\base</Filter>
    </ClInclude>
    <ClInclude Include="src\zaf\object\internal\instance_creator.h">
      <Filter>zaf\object\internal</Filter>
    </ClInclude>
    <ClInclude Include="src\zaf\base\string\join.h">
      <Filter>zaf\base\string</Filter>
    </ClInclude>
    <ClInclude Include="src\zaf\base\registry\registry_value.h">
      <Filter>zaf\base\registry</Filter>
    </ClInclude>
    <ClInclude Include="src\zaf\base\registry\registry_value_type.h">
      <Filter>zaf\base\registry</Filter>
    </ClInclude>
    <ClInclude Include="src\zaf\base\registry\registry_view.h">
      <Filter>zaf\base\registry</Filter>
    </ClInclude>
    <ClInclude Include="src\zaf\control\property_grid.h">
      <Filter>zaf\control</Filter>
    </ClInclude>
    <ClInclude Include="src\zaf\control\internal\list_control\list_control_item_height_strategy.h">
      <Filter>zaf\control\internal\list_control</Filter>
    </ClInclude>
    <ClInclude Include="src\zaf\control\internal\list_control\list_control_fixed_item_height_strategy.h">
      <Filter>zaf\control\internal\list_control</Filter>
    </ClInclude>
    <ClInclude Include="src\zaf\control\internal\list_control\list_control_variable_item_height_strategy.h">
      <Filter>zaf\control\internal\list_control</Filter>
    </ClInclude>
    <ClInclude Include="src\zaf\control\property_grid\type_config_factory.h">
      <Filter>zaf\control\property_grid</Filter>
    </ClInclude>
    <ClInclude Include="src\zaf\control\property_grid\type_config.h">
      <Filter>zaf\control\property_grid</Filter>
    </ClInclude>
    <ClInclude Include="src\zaf\control\property_grid\value_view.h">
      <Filter>zaf\control\property_grid</Filter>
    </ClInclude>
    <ClInclude Include="src\zaf\control\property_grid\text_value_view.h">
      <Filter>zaf\control\property_grid</Filter>
    </ClInclude>
    <ClInclude Include="src\zaf\control\property_grid\internal\data.h">
      <Filter>zaf\control\property_grid\internal</Filter>
    </ClInclude>
    <ClInclude Include="src\zaf\control\property_grid\internal\item.h">
      <Filter>zaf\control\property_grid\internal</Filter>
    </ClInclude>
    <ClInclude Include="src\zaf\control\property_grid\internal\split_distance_manager.h">
      <Filter>zaf\control\property_grid\internal</Filter>
    </ClInclude>
    <ClInclude Include="src\zaf\control\property_grid\internal\data_source.h">
      <Filter>zaf\control\property_grid\internal</Filter>
    </ClInclude>
    <ClInclude Include="src\zaf\control\property_grid\internal\delegate.h">
      <Filter>zaf\control\property_grid\internal</Filter>
    </ClInclude>
    <ClInclude Include="src\zaf\control\property_grid\size_config.h">
      <Filter>zaf\control\property_grid</Filter>
    </ClInclude>
    <ClInclude Include="src\zaf\control\property_grid\rect_config.h">
      <Filter>zaf\control\property_grid</Filter>
    </ClInclude>
    <ClInclude Include="src\zaf\control\property_grid\control_config.h">
      <Filter>zaf\control\property_grid</Filter>
    </ClInclude>
    <ClInclude Include="src\zaf\control\property_grid\frame_config.h">
      <Filter>zaf\control\property_grid</Filter>
    </ClInclude>
    <ClInclude Include="src\zaf\control\property_grid\color_config.h">
      <Filter>zaf\control\property_grid</Filter>
    </ClInclude>
    <ClInclude Include="src\zaf\control\property_grid\enum_value_view.h">
      <Filter>zaf\control\property_grid</Filter>
    </ClInclude>
    <ClInclude Include="src\zaf\control\property_grid\enum_config.h">
      <Filter>zaf\control\property_grid</Filter>
    </ClInclude>
    <ClInclude Include="src\zaf\control\property_grid\bool_value_view.h">
      <Filter>zaf\control\property_grid</Filter>
    </ClInclude>
    <ClInclude Include="src\zaf\control\property_grid\bool_config.h">
      <Filter>zaf\control\property_grid</Filter>
    </ClInclude>
    <ClInclude Include="src\zaf\control\property_grid\property_table.h">
      <Filter>zaf\control\property_grid</Filter>
    </ClInclude>
    <ClInclude Include="src\zaf\control\property_grid\property_list.h">
      <Filter>zaf\control\property_grid</Filter>
    </ClInclude>
    <ClInclude Include="src\zaf\control\property_grid\internal\data_observer.h">
      <Filter>zaf\control\property_grid\internal</Filter>
    </ClInclude>
    <ClInclude Include="src\zaf\control\property_grid_node.h">
      <Filter>zaf\control</Filter>
    </ClInclude>
    <ClInclude Include="src\zaf\control\internal\tree_control\tree_visitor.h">
      <Filter>zaf\control\internal\tree_control</Filter>
    </ClInclude>
    <ClInclude Include="src\zaf\control\property_grid\internal\expanded_node_visitor.h">
      <Filter>zaf\control\property_grid\internal</Filter>
    </ClInclude>
    <ClInclude Include="src\zaf\control\property_grid\color_value_view.h">
      <Filter>zaf\control\property_grid</Filter>
    </ClInclude>
    <ClInclude Include="src\zaf\control\property_grid\editable_value_view.h">
      <Filter>zaf\control\property_grid</Filter>
    </ClInclude>
    <ClInclude Include="src\zaf\control\property_grid\editable_type_config.h">
      <Filter>zaf\control\property_grid</Filter>
    </ClInclude>
    <ClInclude Include="src\zaf\control\caret.h">
      <Filter>zaf\control</Filter>
    </ClInclude>
    <ClInclude Include="src\zaf\control\property_grid\point_config.h">
      <Filter>zaf\control\property_grid</Filter>
    </ClInclude>
    <ClInclude Include="src\zaf\control\tree_item_container.h">
      <Filter>zaf\control</Filter>
    </ClInclude>
    <ClInclude Include="src\zaf\control\property_grid\textual_control_config.h">
      <Filter>zaf\control\property_grid</Filter>
    </ClInclude>
    <ClInclude Include="src\zaf\base\event\event_info.h">
      <Filter>zaf\base\event</Filter>
    </ClInclude>
    <ClInclude Include="src\zaf\base\event\routed_event_info.h">
      <Filter>zaf\base\event</Filter>
    </ClInclude>
    <ClInclude Include="src\zaf\control\event\double_click_info.h">
      <Filter>zaf\control\event</Filter>
    </ClInclude>
    <ClInclude Include="src\zaf\control\event\keyboard_event_info.h">
      <Filter>zaf\control\event</Filter>
    </ClInclude>
    <ClInclude Include="src\zaf\control\event\parent_changed_info.h">
      <Filter>zaf\control\event</Filter>
    </ClInclude>
    <ClInclude Include="src\zaf\control\event\rect_changed_info.h">
      <Filter>zaf\control\event</Filter>
    </ClInclude>
    <ClInclude Include="src\zaf\control\event\mouse_event_info.h">
      <Filter>zaf\control\event</Filter>
    </ClInclude>
    <ClInclude Include="src\zaf\control\event\focus_event_info.h">
      <Filter>zaf\control\event</Filter>
    </ClInclude>
    <ClInclude Include="src\zaf\control\event\click_info.h">
      <Filter>zaf\control\event</Filter>
    </ClInclude>
    <ClInclude Include="src\zaf\control\event\text_changed_info.h">
      <Filter>zaf\control\event</Filter>
    </ClInclude>
    <ClInclude Include="src\zaf\control\event\check_state_changed_info.h">
      <Filter>zaf\control\event</Filter>
    </ClInclude>
    <ClInclude Include="src\zaf\control\event\combo_box_selection_changed_info.h">
      <Filter>zaf\control\event</Filter>
    </ClInclude>
    <ClInclude Include="src\zaf\control\event\scroll_bar_arrow_event_info.h">
      <Filter>zaf\control\event</Filter>
    </ClInclude>
    <ClInclude Include="src\zaf\control\arrow_direction.h">
      <Filter>zaf\control</Filter>
    </ClInclude>
    <ClInclude Include="src\zaf\control\event\scroll_bar_scroll_info.h">
      <Filter>zaf\control\event</Filter>
    </ClInclude>
    <ClInclude Include="src\zaf\control\event\scroll_bar_thumb_event_info.h">
      <Filter>zaf\control\event</Filter>
    </ClInclude>
    <ClInclude Include="src\zaf\control\event\split_distance_changed_info.h">
      <Filter>zaf\control\event</Filter>
    </ClInclude>
    <ClInclude Include="src\zaf\control\event\split_bar_event_info.h">
      <Filter>zaf\control\event</Filter>
    </ClInclude>
    <ClInclude Include="src\zaf\window\event\message_received_info.h">
      <Filter>zaf\window\event</Filter>
    </ClInclude>
    <ClInclude Include="src\zaf\window\event\message_handled_info.h">
      <Filter>zaf\window\event</Filter>
    </ClInclude>
    <ClInclude Include="src\zaf\window\event\destroyed_info.h">
      <Filter>zaf\window\event</Filter>
    </ClInclude>
    <ClInclude Include="src\zaf\window\event\closing_info.h">
      <Filter>zaf\window\event</Filter>
    </ClInclude>
    <ClInclude Include="src\zaf\window\event\handle_created_info.h">
      <Filter>zaf\window\event</Filter>
    </ClInclude>
    <ClInclude Include="src\zaf\window\message\show_window_message.h">
      <Filter>zaf\window\message</Filter>
    </ClInclude>
    <ClInclude Include="src\zaf\window\event\show_window_event_info.h">
      <Filter>zaf\window\event</Filter>
    </ClInclude>
    <ClInclude Include="src\zaf\window\message\focus_message.h">
      <Filter>zaf\window\message</Filter>
    </ClInclude>
    <ClInclude Include="src\zaf\window\event\window_focus_event_info.h">
      <Filter>zaf\window\event</Filter>
    </ClInclude>
    <ClInclude Include="src\zaf\control\event\list_control_selection_changed_info.h">
      <Filter>zaf\control\event</Filter>
    </ClInclude>
    <ClInclude Include="src\zaf\control\event\list_control_item_double_click_info.h">
      <Filter>zaf\control\event</Filter>
    </ClInclude>
  </ItemGroup>
</Project>