
Microsoft Visual Studio Solution File, Format Version 12.00
# Visual Studio Version 16
VisualStudioVersion = 16.0.30717.126
MinimumVisualStudioVersion = 10.0.40219.1
Project("{8BC9CEB8-8B4A-11D0-8D11-00A0C91BC942}") = "zaf", "zaf.vcxproj", "{CC24D55C-A412-446C-96D3-C77A4E4CFA07}"
EndProject
Project("{8BC9CEB8-8B4A-11D0-8D11-00A0C91BC942}") = "unittest", "unittest.vcxproj", "{C2900F28-70A0-4852-B504-C7DE07D96ADF}"
	ProjectSection(ProjectDependencies) = postProject
		{CC24D55C-A412-446C-96D3-C77A4E4CFA07} = {CC24D55C-A412-446C-96D3-C77A4E4CFA07}
		{958BD75D-0C9C-404E-8635-EE83E0BA1E28} = {958BD75D-0C9C-404E-8635-EE83E0BA1E28}
	EndProjectSection
EndProject
Project("{2150E333-8FDC-42A3-9474-1A3956D46DE8}") = "example", "example", "{EC885816-213D-45CE-B88B-4D03FF681FC5}"
EndProject
Project("{8BC9CEB8-8B4A-11D0-8D11-00A0C91BC942}") = "calculator", "example\calculator\calculator.vcxproj", "{0478A57E-F5D9-479E-BD2E-825AC4C3D0F2}"
	ProjectSection(ProjectDependencies) = postProject
		{CC24D55C-A412-446C-96D3-C77A4E4CFA07} = {CC24D55C-A412-446C-96D3-C77A4E4CFA07}
	EndProjectSection
EndProject
Project("{8BC9CEB8-8B4A-11D0-8D11-00A0C91BC942}") = "control_explorer", "example\control_explorer\control_explorer.vcxproj", "{45B4052E-87D2-4A2F-A73D-BF15EC817113}"
	ProjectSection(ProjectDependencies) = postProject
		{CC24D55C-A412-446C-96D3-C77A4E4CFA07} = {CC24D55C-A412-446C-96D3-C77A4E4CFA07}
	EndProjectSection
EndProject
Project("{8BC9CEB8-8B4A-11D0-8D11-00A0C91BC942}") = "customized_window_appearance", "example\customized_window_appearance\customized_window_appearance.vcxproj", "{52A49432-C10E-48C0-A52F-FCCADBF2812B}"
	ProjectSection(ProjectDependencies) = postProject
		{CC24D55C-A412-446C-96D3-C77A4E4CFA07} = {CC24D55C-A412-446C-96D3-C77A4E4CFA07}
	EndProjectSection
EndProject
Project("{8BC9CEB8-8B4A-11D0-8D11-00A0C91BC942}") = "login", "example\login\login.vcxproj", "{31F506F0-E266-4ACC-9026-BCB0FE6371DE}"
	ProjectSection(ProjectDependencies) = postProject
		{CC24D55C-A412-446C-96D3-C77A4E4CFA07} = {CC24D55C-A412-446C-96D3-C77A4E4CFA07}
	EndProjectSection
EndProject
Project("{8BC9CEB8-8B4A-11D0-8D11-00A0C91BC942}") = "system_color_viewer", "example\system_color_viewer\system_color_viewer.vcxproj", "{CB14F74A-60A6-4E55-AAE7-2DC5C20C3FA4}"
	ProjectSection(ProjectDependencies) = postProject
		{CC24D55C-A412-446C-96D3-C77A4E4CFA07} = {CC24D55C-A412-446C-96D3-C77A4E4CFA07}
	EndProjectSection
EndProject
Project("{8BC9CEB8-8B4A-11D0-8D11-00A0C91BC942}") = "wxwork", "example\wxwork\wxwork.vcxproj", "{24238F01-4EC8-4FBD-A33E-49E2418A669C}"
	ProjectSection(ProjectDependencies) = postProject
		{CC24D55C-A412-446C-96D3-C77A4E4CFA07} = {CC24D55C-A412-446C-96D3-C77A4E4CFA07}
	EndProjectSection
EndProject
Project("{2150E333-8FDC-42A3-9474-1A3956D46DE8}") = "tool", "tool", "{1A6797E3-6D21-4359-A483-B40253385C81}"
EndProject
Project("{8BC9CEB8-8B4A-11D0-8D11-00A0C91BC942}") = "zrcb", "tool\zrcb\zrcb.vcxproj", "{D4F53BBD-0685-43AA-9816-18133134B6D8}"
EndProject
Project("{2150E333-8FDC-42A3-9474-1A3956D46DE8}") = "third_party", "third_party", "{552B5155-FAA8-455F-BAB3-85711F9C1DCF}"
EndProject
Project("{8BC9CEB8-8B4A-11D0-8D11-00A0C91BC942}") = "googletest", "third_party\googletest\googletest.vcxproj", "{958BD75D-0C9C-404E-8635-EE83E0BA1E28}"
EndProject
Project("{8BC9CEB8-8B4A-11D0-8D11-00A0C91BC942}") = "zrcb_unittest", "tool\zrcb\zrcb_unittest.vcxproj", "{1B614995-8F5E-42CE-8A14-A8AB00F16865}"
	ProjectSection(ProjectDependencies) = postProject
		{CC24D55C-A412-446C-96D3-C77A4E4CFA07} = {CC24D55C-A412-446C-96D3-C77A4E4CFA07}
		{958BD75D-0C9C-404E-8635-EE83E0BA1E28} = {958BD75D-0C9C-404E-8635-EE83E0BA1E28}
		{D4F53BBD-0685-43AA-9816-18133134B6D8} = {D4F53BBD-0685-43AA-9816-18133134B6D8}
	EndProjectSection
EndProject
Project("{8BC9CEB8-8B4A-11D0-8D11-00A0C91BC942}") = "playground", "playground\playground.vcxproj", "{CE0B93C0-E5BF-4E5D-8E90-CA8302AA4BC0}"
	ProjectSection(ProjectDependencies) = postProject
		{CC24D55C-A412-446C-96D3-C77A4E4CFA07} = {CC24D55C-A412-446C-96D3-C77A4E4CFA07}
	EndProjectSection
EndProject
Global
	GlobalSection(SolutionConfigurationPlatforms) = preSolution
		Debug|Win32 = Debug|Win32
		Release|Win32 = Release|Win32
		Release-MT|Win32 = Release-MT|Win32
	EndGlobalSection
	GlobalSection(ProjectConfigurationPlatforms) = postSolution
		{CC24D55C-A412-446C-96D3-C77A4E4CFA07}.Debug|Win32.ActiveCfg = Debug|Win32
		{CC24D55C-A412-446C-96D3-C77A4E4CFA07}.Debug|Win32.Build.0 = Debug|Win32
		{CC24D55C-A412-446C-96D3-C77A4E4CFA07}.Release|Win32.ActiveCfg = Release|Win32
		{CC24D55C-A412-446C-96D3-C77A4E4CFA07}.Release|Win32.Build.0 = Release|Win32
		{CC24D55C-A412-446C-96D3-C77A4E4CFA07}.Release-MT|Win32.ActiveCfg = Release-MT|Win32
		{CC24D55C-A412-446C-96D3-C77A4E4CFA07}.Release-MT|Win32.Build.0 = Release-MT|Win32
		{C2900F28-70A0-4852-B504-C7DE07D96ADF}.Debug|Win32.ActiveCfg = Debug|Win32
		{C2900F28-70A0-4852-B504-C7DE07D96ADF}.Debug|Win32.Build.0 = Debug|Win32
		{C2900F28-70A0-4852-B504-C7DE07D96ADF}.Release|Win32.ActiveCfg = Release|Win32
		{C2900F28-70A0-4852-B504-C7DE07D96ADF}.Release|Win32.Build.0 = Release|Win32
		{C2900F28-70A0-4852-B504-C7DE07D96ADF}.Release-MT|Win32.ActiveCfg = Release-MT|Win32
		{C2900F28-70A0-4852-B504-C7DE07D96ADF}.Release-MT|Win32.Build.0 = Release-MT|Win32
		{0478A57E-F5D9-479E-BD2E-825AC4C3D0F2}.Debug|Win32.ActiveCfg = Debug|Win32
		{0478A57E-F5D9-479E-BD2E-825AC4C3D0F2}.Debug|Win32.Build.0 = Debug|Win32
		{0478A57E-F5D9-479E-BD2E-825AC4C3D0F2}.Release|Win32.ActiveCfg = Release|Win32
		{0478A57E-F5D9-479E-BD2E-825AC4C3D0F2}.Release|Win32.Build.0 = Release|Win32
		{0478A57E-F5D9-479E-BD2E-825AC4C3D0F2}.Release-MT|Win32.ActiveCfg = Release-MT|Win32
		{0478A57E-F5D9-479E-BD2E-825AC4C3D0F2}.Release-MT|Win32.Build.0 = Release-MT|Win32
		{45B4052E-87D2-4A2F-A73D-BF15EC817113}.Debug|Win32.ActiveCfg = Debug|Win32
		{45B4052E-87D2-4A2F-A73D-BF15EC817113}.Debug|Win32.Build.0 = Debug|Win32
		{45B4052E-87D2-4A2F-A73D-BF15EC817113}.Release|Win32.ActiveCfg = Release|Win32
		{45B4052E-87D2-4A2F-A73D-BF15EC817113}.Release|Win32.Build.0 = Release|Win32
		{45B4052E-87D2-4A2F-A73D-BF15EC817113}.Release-MT|Win32.ActiveCfg = Release-MT|Win32
		{45B4052E-87D2-4A2F-A73D-BF15EC817113}.Release-MT|Win32.Build.0 = Release-MT|Win32
		{52A49432-C10E-48C0-A52F-FCCADBF2812B}.Debug|Win32.ActiveCfg = Debug|Win32
		{52A49432-C10E-48C0-A52F-FCCADBF2812B}.Debug|Win32.Build.0 = Debug|Win32
		{52A49432-C10E-48C0-A52F-FCCADBF2812B}.Release|Win32.ActiveCfg = Release|Win32
		{52A49432-C10E-48C0-A52F-FCCADBF2812B}.Release|Win32.Build.0 = Release|Win32
		{52A49432-C10E-48C0-A52F-FCCADBF2812B}.Release-MT|Win32.ActiveCfg = Release-MT|Win32
		{52A49432-C10E-48C0-A52F-FCCADBF2812B}.Release-MT|Win32.Build.0 = Release-MT|Win32
		{31F506F0-E266-4ACC-9026-BCB0FE6371DE}.Debug|Win32.ActiveCfg = Debug|Win32
		{31F506F0-E266-4ACC-9026-BCB0FE6371DE}.Debug|Win32.Build.0 = Debug|Win32
		{31F506F0-E266-4ACC-9026-BCB0FE6371DE}.Release|Win32.ActiveCfg = Release|Win32
		{31F506F0-E266-4ACC-9026-BCB0FE6371DE}.Release|Win32.Build.0 = Release|Win32
		{31F506F0-E266-4ACC-9026-BCB0FE6371DE}.Release-MT|Win32.ActiveCfg = Release-MT|Win32
		{31F506F0-E266-4ACC-9026-BCB0FE6371DE}.Release-MT|Win32.Build.0 = Release-MT|Win32
		{CB14F74A-60A6-4E55-AAE7-2DC5C20C3FA4}.Debug|Win32.ActiveCfg = Debug|Win32
		{CB14F74A-60A6-4E55-AAE7-2DC5C20C3FA4}.Debug|Win32.Build.0 = Debug|Win32
		{CB14F74A-60A6-4E55-AAE7-2DC5C20C3FA4}.Release|Win32.ActiveCfg = Release|Win32
		{CB14F74A-60A6-4E55-AAE7-2DC5C20C3FA4}.Release|Win32.Build.0 = Release|Win32
		{CB14F74A-60A6-4E55-AAE7-2DC5C20C3FA4}.Release-MT|Win32.ActiveCfg = Release-MT|Win32
		{CB14F74A-60A6-4E55-AAE7-2DC5C20C3FA4}.Release-MT|Win32.Build.0 = Release-MT|Win32
		{24238F01-4EC8-4FBD-A33E-49E2418A669C}.Debug|Win32.ActiveCfg = Debug|Win32
		{24238F01-4EC8-4FBD-A33E-49E2418A669C}.Debug|Win32.Build.0 = Debug|Win32
		{24238F01-4EC8-4FBD-A33E-49E2418A669C}.Release|Win32.ActiveCfg = Release|Win32
		{24238F01-4EC8-4FBD-A33E-49E2418A669C}.Release|Win32.Build.0 = Release|Win32
		{24238F01-4EC8-4FBD-A33E-49E2418A669C}.Release-MT|Win32.ActiveCfg = Release-MT|Win32
		{24238F01-4EC8-4FBD-A33E-49E2418A669C}.Release-MT|Win32.Build.0 = Release-MT|Win32
		{D4F53BBD-0685-43AA-9816-18133134B6D8}.Debug|Win32.ActiveCfg = Debug|Win32
		{D4F53BBD-0685-43AA-9816-18133134B6D8}.Debug|Win32.Build.0 = Debug|Win32
		{D4F53BBD-0685-43AA-9816-18133134B6D8}.Release|Win32.ActiveCfg = Release|Win32
		{D4F53BBD-0685-43AA-9816-18133134B6D8}.Release|Win32.Build.0 = Release|Win32
		{D4F53BBD-0685-43AA-9816-18133134B6D8}.Release-MT|Win32.ActiveCfg = Release-MT|Win32
		{D4F53BBD-0685-43AA-9816-18133134B6D8}.Release-MT|Win32.Build.0 = Release-MT|Win32
		{958BD75D-0C9C-404E-8635-EE83E0BA1E28}.Debug|Win32.ActiveCfg = Debug|Win32
		{958BD75D-0C9C-404E-8635-EE83E0BA1E28}.Debug|Win32.Build.0 = Debug|Win32
		{958BD75D-0C9C-404E-8635-EE83E0BA1E28}.Release|Win32.ActiveCfg = Release|Win32
		{958BD75D-0C9C-404E-8635-EE83E0BA1E28}.Release|Win32.Build.0 = Release|Win32
		{958BD75D-0C9C-404E-8635-EE83E0BA1E28}.Release-MT|Win32.ActiveCfg = Release-MT|Win32
		{958BD75D-0C9C-404E-8635-EE83E0BA1E28}.Release-MT|Win32.Build.0 = Release-MT|Win32
		{1B614995-8F5E-42CE-8A14-A8AB00F16865}.Debug|Win32.ActiveCfg = Debug|Win32
		{1B614995-8F5E-42CE-8A14-A8AB00F16865}.Debug|Win32.Build.0 = Debug|Win32
		{1B614995-8F5E-42CE-8A14-A8AB00F16865}.Release|Win32.ActiveCfg = Release|Win32
		{1B614995-8F5E-42CE-8A14-A8AB00F16865}.Release|Win32.Build.0 = Release|Win32
		{1B614995-8F5E-42CE-8A14-A8AB00F16865}.Release-MT|Win32.ActiveCfg = Release-MT|Win32
		{1B614995-8F5E-42CE-8A14-A8AB00F16865}.Release-MT|Win32.Build.0 = Release-MT|Win32
		{CE0B93C0-E5BF-4E5D-8E90-CA8302AA4BC0}.Debug|Win32.ActiveCfg = Debug|Win32
		{CE0B93C0-E5BF-4E5D-8E90-CA8302AA4BC0}.Debug|Win32.Build.0 = Debug|Win32
		{CE0B93C0-E5BF-4E5D-8E90-CA8302AA4BC0}.Release|Win32.ActiveCfg = Release|Win32
		{CE0B93C0-E5BF-4E5D-8E90-CA8302AA4BC0}.Release|Win32.Build.0 = Release|Win32
		{CE0B93C0-E5BF-4E5D-8E90-CA8302AA4BC0}.Release-MT|Win32.ActiveCfg = Release-MT|Win32
		{CE0B93C0-E5BF-4E5D-8E90-CA8302AA4BC0}.Release-MT|Win32.Build.0 = Release-MT|Win32
	EndGlobalSection
	GlobalSection(SolutionProperties) = preSolution
		HideSolutionNode = FALSE
	EndGlobalSection
	GlobalSection(NestedProjects) = preSolution
		{0478A57E-F5D9-479E-BD2E-825AC4C3D0F2} = {EC885816-213D-45CE-B88B-4D03FF681FC5}
		{45B4052E-87D2-4A2F-A73D-BF15EC817113} = {EC885816-213D-45CE-B88B-4D03FF681FC5}
		{52A49432-C10E-48C0-A52F-FCCADBF2812B} = {EC885816-213D-45CE-B88B-4D03FF681FC5}
		{31F506F0-E266-4ACC-9026-BCB0FE6371DE} = {EC885816-213D-45CE-B88B-4D03FF681FC5}
		{CB14F74A-60A6-4E55-AAE7-2DC5C20C3FA4} = {EC885816-213D-45CE-B88B-4D03FF681FC5}
		{24238F01-4EC8-4FBD-A33E-49E2418A669C} = {EC885816-213D-45CE-B88B-4D03FF681FC5}
		{D4F53BBD-0685-43AA-9816-18133134B6D8} = {1A6797E3-6D21-4359-A483-B40253385C81}
		{958BD75D-0C9C-404E-8635-EE83E0BA1E28} = {552B5155-FAA8-455F-BAB3-85711F9C1DCF}
		{1B614995-8F5E-42CE-8A14-A8AB00F16865} = {1A6797E3-6D21-4359-A483-B40253385C81}
	EndGlobalSection
	GlobalSection(ExtensibilityGlobals) = postSolution
		SolutionGuid = {0A3FE8D7-16DD-4D93-A750-79A557BE8685}
	EndGlobalSection
EndGlobal
