<?xml version="1.0" encoding="utf-8"?>
<Project ToolsVersion="4.0" xmlns="http://schemas.microsoft.com/developer/msbuild/2003">
  <ItemGroup>
    <Filter Include="zaf">
      <UniqueIdentifier>{fad741c3-0785-492f-aef3-d9e612b565e6}</UniqueIdentifier>
    </Filter>
    <Filter Include="zaf\base">
      <UniqueIdentifier>{52ca2341-45e3-46d9-8a05-84664f8cede4}</UniqueIdentifier>
    </Filter>
    <Filter Include="zaf\window">
      <UniqueIdentifier>{f5574f1e-9d81-416f-85f5-666dddb83155}</UniqueIdentifier>
    </Filter>
    <Filter Include="zaf\graphic">
      <UniqueIdentifier>{d45474f1-c5c4-40c0-a6e8-8d393e1f96bf}</UniqueIdentifier>
    </Filter>
    <Filter Include="zaf\graphic\brush">
      <UniqueIdentifier>{a3b014e0-ac1c-44fb-b20f-f4f77ebee9d7}</UniqueIdentifier>
    </Filter>
    <Filter Include="zaf\control">
      <UniqueIdentifier>{c624bfa0-8cda-4e20-9245-dde86f21842b}</UniqueIdentifier>
    </Filter>
    <Filter Include="zaf\graphic\text">
      <UniqueIdentifier>{27b1fee3-ac73-4419-b095-24ff29ad3c11}</UniqueIdentifier>
    </Filter>
    <Filter Include="zaf\graphic\geometry">
      <UniqueIdentifier>{588f47a2-5d14-49cc-95c1-251c2783efd8}</UniqueIdentifier>
    </Filter>
    <Filter Include="zaf\graphic\font">
      <UniqueIdentifier>{eb21b954-c3ad-4906-b14a-c400e7f6e3cb}</UniqueIdentifier>
    </Filter>
    <Filter Include="zaf\control\layout">
      <UniqueIdentifier>{71859885-25bf-4217-93fc-5e753da7627c}</UniqueIdentifier>
    </Filter>
  </ItemGroup>
  <ItemGroup>
    <ClCompile Include="src\zaf\application.cpp">
      <Filter>zaf</Filter>
    </ClCompile>
    <ClCompile Include="src\zaf\base\timer.cpp">
      <Filter>zaf\base</Filter>
    </ClCompile>
    <ClCompile Include="src\zaf\base\log.cpp">
      <Filter>zaf\base</Filter>
    </ClCompile>
    <ClCompile Include="src\zaf\window\caret.cpp">
      <Filter>zaf\window</Filter>
    </ClCompile>
    <ClCompile Include="src\zaf\window\window.cpp">
      <Filter>zaf\window</Filter>
    </ClCompile>
    <ClCompile Include="src\zaf\graphic\canvas.cpp">
      <Filter>zaf\graphic</Filter>
    </ClCompile>
    <ClCompile Include="src\zaf\graphic\color.cpp">
      <Filter>zaf\graphic</Filter>
    </ClCompile>
    <ClCompile Include="src\zaf\graphic\renderer.cpp">
      <Filter>zaf\graphic</Filter>
    </ClCompile>
    <ClCompile Include="src\zaf\graphic\renderer_factory.cpp">
      <Filter>zaf\graphic</Filter>
    </ClCompile>
    <ClCompile Include="src\zaf\control\control.cpp">
      <Filter>zaf\control</Filter>
    </ClCompile>
    <ClCompile Include="src\zaf\control\clickable_control.cpp">
      <Filter>zaf\control</Filter>
    </ClCompile>
    <ClCompile Include="src\zaf\control\button.cpp">
      <Filter>zaf\control</Filter>
    </ClCompile>
    <ClCompile Include="src\zaf\control\label.cpp">
      <Filter>zaf\control</Filter>
    </ClCompile>
    <ClCompile Include="src\zaf\control\scroll_bar.cpp">
      <Filter>zaf\control</Filter>
    </ClCompile>
    <ClCompile Include="src\zaf\control\scrollable_control.cpp">
      <Filter>zaf\control</Filter>
    </ClCompile>
    <ClCompile Include="src\zaf\control\text_box.cpp">
      <Filter>zaf\control</Filter>
    </ClCompile>
    <ClCompile Include="src\zaf\control\check_box.cpp">
      <Filter>zaf\control</Filter>
    </ClCompile>
    <ClCompile Include="src\zaf\graphic\geometry\path_geometry.cpp">
      <Filter>zaf\graphic\geometry</Filter>
    </ClCompile>
    <ClCompile Include="src\zaf\graphic\geometry\geometry_sink.cpp">
      <Filter>zaf\graphic\geometry</Filter>
    </ClCompile>
    <ClCompile Include="src\zaf\graphic\font\font_collection.cpp">
      <Filter>zaf\graphic\font</Filter>
    </ClCompile>
    <ClCompile Include="src\zaf\graphic\font\font_face.cpp">
      <Filter>zaf\graphic\font</Filter>
    </ClCompile>
    <ClCompile Include="src\zaf\graphic\text\text_layout.cpp">
      <Filter>zaf\graphic\text</Filter>
    </ClCompile>
    <ClCompile Include="src\zaf\graphic\clear_edge.cpp">
      <Filter>zaf\graphic</Filter>
    </ClCompile>
    <ClCompile Include="src\zaf\control\radio_button.cpp">
      <Filter>zaf\control</Filter>
    </ClCompile>
    <ClCompile Include="src\zaf\control\paint_utility.cpp">
      <Filter>zaf\control</Filter>
    </ClCompile>
    <ClCompile Include="src\zaf\control\layout\anchor_layouter.cpp">
      <Filter>zaf\control\layout</Filter>
    </ClCompile>
    <ClCompile Include="src\zaf\graphic\rect.cpp">
      <Filter>zaf\graphic</Filter>
    </ClCompile>
    <ClCompile Include="src\zaf\control\layout\array_layouter.cpp">
      <Filter>zaf\control\layout</Filter>
    </ClCompile>
    <ClCompile Include="src\zaf\control\textual_control.cpp">
      <Filter>zaf\control</Filter>
    </ClCompile>
  </ItemGroup>
  <ItemGroup>
    <ClInclude Include="src\zaf\application.h">
      <Filter>zaf</Filter>
    </ClInclude>
    <ClInclude Include="src\zaf\enum.h">
      <Filter>zaf</Filter>
    </ClInclude>
    <ClInclude Include="src\zaf\zaf.h">
      <Filter>zaf</Filter>
    </ClInclude>
    <ClInclude Include="src\zaf\base\event.h">
      <Filter>zaf\base</Filter>
    </ClInclude>
    <ClInclude Include="src\zaf\base\timer.h">
      <Filter>zaf\base</Filter>
    </ClInclude>
    <ClInclude Include="src\zaf\base\log.h">
      <Filter>zaf\base</Filter>
    </ClInclude>
    <ClInclude Include="src\zaf\base\direct2d.h">
      <Filter>zaf\base</Filter>
    </ClInclude>
    <ClInclude Include="src\zaf\window\caret.h">
      <Filter>zaf\window</Filter>
    </ClInclude>
    <ClInclude Include="src\zaf\window\window.h">
      <Filter>zaf\window</Filter>
    </ClInclude>
    <ClInclude Include="src\zaf\window\window_state.h">
      <Filter>zaf\window</Filter>
    </ClInclude>
    <ClInclude Include="src\zaf\graphic\canvas.h">
      <Filter>zaf\graphic</Filter>
    </ClInclude>
    <ClInclude Include="src\zaf\graphic\color.h">
      <Filter>zaf\graphic</Filter>
    </ClInclude>
    <ClInclude Include="src\zaf\graphic\renderer.h">
      <Filter>zaf\graphic</Filter>
    </ClInclude>
    <ClInclude Include="src\zaf\graphic\brush\brush.h">
      <Filter>zaf\graphic\brush</Filter>
    </ClInclude>
    <ClInclude Include="src\zaf\graphic\brush\solid_color_brush.h">
      <Filter>zaf\graphic\brush</Filter>
    </ClInclude>
    <ClInclude Include="src\zaf\base\assert.h">
      <Filter>zaf\base</Filter>
    </ClInclude>
    <ClInclude Include="src\zaf\graphic\renderer_factory.h">
      <Filter>zaf\graphic</Filter>
    </ClInclude>
    <ClInclude Include="src\zaf\graphic\stroke.h">
      <Filter>zaf\graphic</Filter>
    </ClInclude>
    <ClInclude Include="src\zaf\graphic\layer.h">
      <Filter>zaf\graphic</Filter>
    </ClInclude>
    <ClInclude Include="src\zaf\base\nullable.h">
      <Filter>zaf\base</Filter>
    </ClInclude>
    <ClInclude Include="src\zaf\control\control.h">
      <Filter>zaf\control</Filter>
    </ClInclude>
    <ClInclude Include="src\zaf\control\clickable_control.h">
      <Filter>zaf\control</Filter>
    </ClInclude>
    <ClInclude Include="src\zaf\control\button.h">
      <Filter>zaf\control</Filter>
    </ClInclude>
    <ClInclude Include="src\zaf\control\label.h">
      <Filter>zaf\control</Filter>
    </ClInclude>
    <ClInclude Include="src\zaf\control\scroll_bar.h">
      <Filter>zaf\control</Filter>
    </ClInclude>
    <ClInclude Include="src\zaf\control\scrollable_control.h">
      <Filter>zaf\control</Filter>
    </ClInclude>
    <ClInclude Include="src\zaf\control\text_box.h">
      <Filter>zaf\control</Filter>
    </ClInclude>
    <ClInclude Include="src\zaf\control\check_box.h">
      <Filter>zaf\control</Filter>
    </ClInclude>
    <ClInclude Include="src\zaf\base\variant.h">
      <Filter>zaf\base</Filter>
    </ClInclude>
    <ClInclude Include="src\zaf\base\flag_enum.h">
      <Filter>zaf\base</Filter>
    </ClInclude>
    <ClInclude Include="src\zaf\control\anchor.h">
      <Filter>zaf\control</Filter>
    </ClInclude>
    <ClInclude Include="src\zaf\graphic\text\text_format.h">
      <Filter>zaf\graphic\text</Filter>
    </ClInclude>
    <ClInclude Include="src\zaf\graphic\text\text_alignment.h">
      <Filter>zaf\graphic\text</Filter>
    </ClInclude>
    <ClInclude Include="src\zaf\graphic\text\paragraph_alignment.h">
      <Filter>zaf\graphic\text</Filter>
    </ClInclude>
    <ClInclude Include="src\zaf\graphic\text\word_wrapping.h">
      <Filter>zaf\graphic\text</Filter>
    </ClInclude>
    <ClInclude Include="src\zaf\graphic\geometry\geometry.h">
      <Filter>zaf\graphic\geometry</Filter>
    </ClInclude>
    <ClInclude Include="src\zaf\graphic\geometry\path_geometry.h">
      <Filter>zaf\graphic\geometry</Filter>
    </ClInclude>
    <ClInclude Include="src\zaf\graphic\geometry\geometry_sink.h">
      <Filter>zaf\graphic\geometry</Filter>
    </ClInclude>
    <ClInclude Include="src\zaf\graphic\stroke_properties.h">
      <Filter>zaf\graphic</Filter>
    </ClInclude>
    <ClInclude Include="src\zaf\graphic\text\text_format_properties.h">
      <Filter>zaf\graphic\text</Filter>
    </ClInclude>
    <ClInclude Include="src\zaf\control\check_state.h">
      <Filter>zaf\control</Filter>
    </ClInclude>
    <ClInclude Include="src\zaf\graphic\font\font_collection.h">
      <Filter>zaf\graphic\font</Filter>
    </ClInclude>
    <ClInclude Include="src\zaf\graphic\font\font_family.h">
      <Filter>zaf\graphic\font</Filter>
    </ClInclude>
    <ClInclude Include="src\zaf\graphic\font\font_style.h">
      <Filter>zaf\graphic\font</Filter>
    </ClInclude>
    <ClInclude Include="src\zaf\graphic\font\font_weight.h">
      <Filter>zaf\graphic\font</Filter>
    </ClInclude>
    <ClInclude Include="src\zaf\graphic\font\font.h">
      <Filter>zaf\graphic\font</Filter>
    </ClInclude>
    <ClInclude Include="src\zaf\graphic\font\font_face.h">
      <Filter>zaf\graphic\font</Filter>
    </ClInclude>
    <ClInclude Include="src\zaf\graphic\text\text_layout.h">
      <Filter>zaf\graphic\text</Filter>
    </ClInclude>
    <ClInclude Include="src\zaf\graphic\text\text_range.h">
      <Filter>zaf\graphic\text</Filter>
    </ClInclude>
    <ClInclude Include="src\zaf\graphic\text\text_layout_properties.h">
      <Filter>zaf\graphic\text</Filter>
    </ClInclude>
    <ClInclude Include="src\zaf\graphic\text\line_metrics.h">
      <Filter>zaf\graphic\text</Filter>
    </ClInclude>
    <ClInclude Include="src\zaf\graphic\text\text_metrics.h">
      <Filter>zaf\graphic\text</Filter>
    </ClInclude>
    <ClInclude Include="src\zaf\graphic\clear_edge.h">
      <Filter>zaf\graphic</Filter>
    </ClInclude>
    <ClInclude Include="src\zaf\control\radio_button.h">
      <Filter>zaf\control</Filter>
    </ClInclude>
    <ClInclude Include="src\zaf\graphic\point.h">
      <Filter>zaf\graphic</Filter>
    </ClInclude>
    <ClInclude Include="src\zaf\graphic\rect.h">
      <Filter>zaf\graphic</Filter>
    </ClInclude>
    <ClInclude Include="src\zaf\graphic\size.h">
      <Filter>zaf\graphic</Filter>
    </ClInclude>
    <ClInclude Include="src\zaf\graphic\ellipse.h">
      <Filter>zaf\graphic</Filter>
    </ClInclude>
    <ClInclude Include="src\zaf\control\paint_utility.h">
      <Filter>zaf\control</Filter>
    </ClInclude>
    <ClInclude Include="src\zaf\base\property_map.h">
      <Filter>zaf\base</Filter>
    </ClInclude>
    <ClInclude Include="src\zaf\control\creation.h">
      <Filter>zaf\control</Filter>
    </ClInclude>
    <ClInclude Include="src\zaf\base\range.h">
      <Filter>zaf\base</Filter>
    </ClInclude>
    <ClInclude Include="src\zaf\control\layout\layouter.h">
      <Filter>zaf\control\layout</Filter>
    </ClInclude>
    <ClInclude Include="src\zaf\control\layout\anchor_layouter.h">
      <Filter>zaf\control\layout</Filter>
    </ClInclude>
    <ClInclude Include="src\zaf\control\layout\array_layouter.h">
      <Filter>zaf\control\layout</Filter>
    </ClInclude>
    <ClInclude Include="src\zaf\control\color_picker.h">
      <Filter>zaf\control</Filter>
    </ClInclude>
    <ClInclude Include="src\zaf\control\textual_control.h">
      <Filter>zaf\control</Filter>
    </ClInclude>
    <ClInclude Include="src\zaf\control\self_scrolling_control.h">
      <Filter>zaf\control</Filter>
    </ClInclude>
    <ClInclude Include="src\zaf\graphic\geometry\rectangle_geometry.h">
      <Filter>zaf\graphic\geometry</Filter>
    </ClInclude>
  </ItemGroup>
</Project>