<?xml version="1.0" encoding="utf-8"?>
<Project ToolsVersion="4.0" xmlns="http://schemas.microsoft.com/developer/msbuild/2003">
  <ItemGroup>
    <Filter Include="src">
      <UniqueIdentifier>{25497b4c-b431-4531-b413-a63cd9fe3b16}</UniqueIdentifier>
    </Filter>
    <Filter Include="src\control">
      <UniqueIdentifier>{50f18a7d-7788-45e3-ac92-198edae02355}</UniqueIdentifier>
    </Filter>
    <Filter Include="src\operate">
      <UniqueIdentifier>{f963907b-4864-41ea-89c7-697fffec6428}</UniqueIdentifier>
    </Filter>
  </ItemGroup>
  <ItemGroup>
    <ClCompile Include="src\main.cpp">
      <Filter>src</Filter>
    </ClCompile>
    <ClCompile Include="src\main_window.cpp">
      <Filter>src</Filter>
    </ClCompile>
    <ClCompile Include="src\control_operate_panel.cpp">
      <Filter>src</Filter>
    </ClCompile>
    <ClCompile Include="src\control_view_panel.cpp">
      <Filter>src</Filter>
    </ClCompile>
    <ClCompile Include="src\control_explore_manager.cpp">
      <Filter>src</Filter>
    </ClCompile>
    <ClCompile Include="src\operate\value_text_box.cpp">
      <Filter>src\operate</Filter>
    </ClCompile>
    <ClCompile Include="src\operate\color_combo_box.cpp">
      <Filter>src\operate</Filter>
    </ClCompile>
    <ClCompile Include="src\operate\operate_item.cpp">
      <Filter>src\operate</Filter>
    </ClCompile>
    <ClCompile Include="src\operate\operate_item_creation.cpp">
      <Filter>src\operate</Filter>
    </ClCompile>
    <ClCompile Include="src\operate\control_operate_item_factory.cpp">
      <Filter>src\operate</Filter>
    </ClCompile>
    <ClCompile Include="src\operate\textual_control_operate_item_factory.cpp">
      <Filter>src\operate</Filter>
    </ClCompile>
    <ClCompile Include="src\control\button_explore_manager.cpp">
      <Filter>src\control</Filter>
    </ClCompile>
    <ClCompile Include="src\control\label_explore_manager.cpp">
      <Filter>src\control</Filter>
    </ClCompile>
    <ClCompile Include="src\control\check_box_explore_manager.cpp">
      <Filter>src\control</Filter>
    </ClCompile>
    <ClCompile Include="src\operate\check_box_operate_item_factory.cpp">
      <Filter>src\operate</Filter>
    </ClCompile>
    <ClCompile Include="src\control\radio_button_explore_manager.cpp">
      <Filter>src\control</Filter>
    </ClCompile>
    <ClCompile Include="src\operate\radio_button_operate_item_factory.cpp">
      <Filter>src\operate</Filter>
    </ClCompile>
    <ClCompile Include="src\control\list_box_explore_manager.cpp">
      <Filter>src\control</Filter>
    </ClCompile>
    <ClCompile Include="src\operate\list_box_operate_item_factory.cpp">
      <Filter>src\operate</Filter>
    </ClCompile>
    <ClCompile Include="src\operate\text_box_operate_item_factory.cpp">
      <Filter>src\operate</Filter>
    </ClCompile>
    <ClCompile Include="src\control\text_box_explore_manager.cpp">
      <Filter>src\control</Filter>
    </ClCompile>
    <ClCompile Include="src\control\combo_box_explore_manager.cpp">
      <Filter>src\control</Filter>
    </ClCompile>
    <ClCompile Include="src\operate\combo_box_operate_item_factory.cpp">
      <Filter>src\operate</Filter>
    </ClCompile>
  </ItemGroup>
  <ItemGroup>
    <ClInclude Include="src\main_window.h">
      <Filter>src</Filter>
    </ClInclude>
    <ClInclude Include="src\control_operate_panel.h">
      <Filter>src</Filter>
    </ClInclude>
    <ClInclude Include="src\control_view_panel.h">
      <Filter>src</Filter>
    </ClInclude>
    <ClInclude Include="src\control_explore_manager.h">
      <Filter>src</Filter>
    </ClInclude>
    <ClInclude Include="src\operate\value_text_box.h">
      <Filter>src\operate</Filter>
    </ClInclude>
    <ClInclude Include="src\operate\color_combo_box.h">
      <Filter>src\operate</Filter>
    </ClInclude>
    <ClInclude Include="src\operate\operate_item.h">
      <Filter>src\operate</Filter>
    </ClInclude>
    <ClInclude Include="src\operate\operate_item_creation.h">
      <Filter>src\operate</Filter>
    </ClInclude>
    <ClInclude Include="src\operate\operate_item_factory.h">
      <Filter>src\operate</Filter>
    </ClInclude>
    <ClInclude Include="src\operate\control_operate_item_factory.h">
      <Filter>src\operate</Filter>
    </ClInclude>
    <ClInclude Include="src\operate\textual_control_operate_item_factory.h">
      <Filter>src\operate</Filter>
    </ClInclude>
    <ClInclude Include="src\control\button_explore_manager.h">
      <Filter>src\control</Filter>
    </ClInclude>
    <ClInclude Include="src\control\label_explore_manager.h">
      <Filter>src\control</Filter>
    </ClInclude>
    <ClInclude Include="src\control\check_box_explore_manager.h">
      <Filter>src\control</Filter>
    </ClInclude>
    <ClInclude Include="src\operate\check_box_operate_item_factory.h">
      <Filter>src\operate</Filter>
    </ClInclude>
    <ClInclude Include="src\control\radio_button_explore_manager.h">
      <Filter>src\control</Filter>
    </ClInclude>
    <ClInclude Include="src\operate\radio_button_operate_item_factory.h">
      <Filter>src\operate</Filter>
    </ClInclude>
    <ClInclude Include="src\control\list_box_explore_manager.h">
      <Filter>src\control</Filter>
    </ClInclude>
    <ClInclude Include="src\operate\list_box_operate_item_factory.h">
      <Filter>src\operate</Filter>
    </ClInclude>
    <ClInclude Include="src\operate\text_box_operate_item_factory.h">
      <Filter>src\operate</Filter>
    </ClInclude>
    <ClInclude Include="src\control\text_box_explore_manager.h">
      <Filter>src\control</Filter>
    </ClInclude>
    <ClInclude Include="src\control\combo_box_explore_manager.h">
      <Filter>src\control</Filter>
    </ClInclude>
    <ClInclude Include="src\operate\combo_box_operate_item_factory.h">
      <Filter>src\operate</Filter>
    </ClInclude>
  </ItemGroup>
</Project>